PODS:
  - AppAuth (1.3.0):
    - AppAuth/Core (= 1.3.0)
    - AppAuth/ExternalUserAgent (= 1.3.0)
  - AppAuth/Core (1.3.0)
  - AppAuth/ExternalUserAgent (1.3.0)
  - BEMCheckBox (1.4.1)
  - BulletinBoard (4.1.2)
  - CameraKit-iOS (1.2.1)
  - Charts (3.4.0):
    - Charts/Core (= 3.4.0)
  - Charts/Core (3.4.0)
  - CircularRevealKit (0.9.1)
  - CryptoSwift (0.15.0)
  - FaveButton (3.2.1)
  - FittedSheets (1.4.5)
  - Floaty (4.2.0)
  - GoogleMaps (3.7.0):
    - GoogleMaps/Maps (= 3.7.0)
  - GoogleMaps/Base (3.7.0)
  - GoogleMaps/Maps (3.7.0):
    - GoogleMaps/Base
  - GooglePlaces (3.7.0):
    - GoogleMaps/Base (= 3.7.0)
  - GoogleSignIn (5.0.2):
    - AppAuth (~> 1.2)
    - GTMAppAuth (~> 1.0)
    - GTMSessionFetcher/Core (~> 1.1)
  - GradientLoadingBar (2.0.0):
    - LightweightObservable (~> 1.0)
  - GTMAppAuth (1.0.0):
    - AppAuth/Core (~> 1.0)
    - GTMSessionFetcher (~> 1.1)
  - GTMSessionFetcher (1.3.0):
    - GTMSessionFetcher/Full (= 1.3.0)
  - GTMSessionFetcher/Core (1.3.0)
  - GTMSessionFetcher/Full (1.3.0):
    - GTMSessionFetcher/Core (= 1.3.0)
  - ImageViewer (6.0.0)
  - Kingfisher (5.12.0):
    - Kingfisher/Core (= 5.12.0)
  - Kingfisher/Core (5.12.0)
  - LightweightObservable (1.0.3)
  - LoadingShimmer (1.0.3)
  - MercariQRScanner (1.6)
  - PryntTrimmerView (4.0.0)
  - PubNubSwift (3.0.1)
  - PusherSwift (7.2.0):
    - CryptoSwift (~> 0.9)
    - ReachabilitySwift (= 4.3.0)
    - Starscream (~> 3.0.5)
  - PushNotifications (3.0.4)
  - ReachabilitySwift (4.3.0)
  - ScalingCarousel (3.0.2)
  - ShimmerSwift (2.1.1)
  - SimpleCheckbox (2.1.0)
  - Starscream (3.0.6)
  - SteviaLayout (4.7.3)
  - SwiftDataTables (0.8.1)
  - ToosieSlide (1.1.1)
  - ViewPager-Swift (2.0.1)
  - Windless (0.1.5)
  - XLPagerTabStrip (9.0.0)
  - YNSearch (2.4.0)
  - YPImagePicker (4.3.1):
    - PryntTrimmerView (~> 4.0.0)
    - SteviaLayout (~> 4.7.3)

DEPENDENCIES:
  - BEMCheckBox
  - BulletinBoard
  - CameraKit-iOS
  - Charts
  - CircularRevealKit
  - FaveButton
  - FittedSheets
  - Floaty
  - GoogleMaps
  - GooglePlaces
  - GoogleSignIn
  - GradientLoadingBar
  - ImageViewer (from `https://github.com/Krisiacik/ImageViewer.git`)
  - Kingfisher
  - LoadingShimmer
  - MercariQRScanner
  - PubNubSwift
  - PusherSwift (= 7.2.0)
  - PushNotifications
  - ReachabilitySwift (= 4.3.0)
  - ScalingCarousel
  - ShimmerSwift
  - SimpleCheckbox
  - SwiftDataTables
  - ToosieSlide (~> 1.1)
  - ViewPager-Swift
  - Windless
  - XLPagerTabStrip
  - YNSearch
  - YPImagePicker

SPEC REPOS:
  https://github.com/CocoaPods/Specs.git:
    - AppAuth
    - BEMCheckBox
    - BulletinBoard
    - CameraKit-iOS
    - Charts
    - CircularRevealKit
    - CryptoSwift
    - FaveButton
    - FittedSheets
    - Floaty
    - GoogleMaps
    - GooglePlaces
    - GoogleSignIn
    - GradientLoadingBar
    - GTMAppAuth
    - GTMSessionFetcher
    - Kingfisher
    - LightweightObservable
    - LoadingShimmer
    - MercariQRScanner
    - PryntTrimmerView
    - PubNubSwift
    - PusherSwift
    - PushNotifications
    - ReachabilitySwift
    - ScalingCarousel
    - ShimmerSwift
    - SimpleCheckbox
    - Starscream
    - SteviaLayout
    - SwiftDataTables
    - ToosieSlide
    - ViewPager-Swift
    - Windless
    - XLPagerTabStrip
    - YNSearch
    - YPImagePicker

EXTERNAL SOURCES:
  ImageViewer:
    :git: https://github.com/Krisiacik/ImageViewer.git

CHECKOUT OPTIONS:
  ImageViewer:
    :commit: 519fbdb57b4ad83de50ecd09b7182ed9d190f3ee
    :git: https://github.com/Krisiacik/ImageViewer.git

SPEC CHECKSUMS:
  AppAuth: 73574f3013a1e65b9601a3ddc8b3158cce68c09d
  BEMCheckBox: 5ba6e37ade3d3657b36caecc35c8b75c6c2b1a4e
  BulletinBoard: 1c0cb191b6c6245d08f51bd2445f1e36414ec0ed
  CameraKit-iOS: 7a8aeb4b6ac93c59088ada934efb6010ed2394c1
  Charts: 74c9f256eaf0460c0c416522d1cf8c634ea6b286
  CircularRevealKit: 680ac8c2b67e198f8fea0561abd2acf8ca7c932c
  CryptoSwift: 769f58a9e89f64e8796c2e59ce5f002dc81a2438
  FaveButton: 93cfebf6030336fa7653fad2068c3152ed668b39
  FittedSheets: 7f754c9f6fb4ea330cbc57c652b594255f2a6819
  Floaty: e2bd5a0f6f7f70899e26ff2da31081c8bee8d1b0
  GoogleMaps: 55da829c68aa931f3ae982b9e341cc2f3d89c587
  GooglePlaces: a62077320f9d64239245af63aa1aa136393ebeb6
  GoogleSignIn: 7137d297ddc022a7e0aa4619c86d72c909fa7213
  GradientLoadingBar: b46dffa5b505dd0b20ec65b80d178da600d815bb
  GTMAppAuth: 4deac854479704f348309e7b66189e604cf5e01e
  GTMSessionFetcher: 43b8b64263023d4f32caa0b40f4c8bfa3c5f36d8
  ImageViewer: cb88ef1c0ba19161bc10702adfdcebc116a7a59d
  Kingfisher: dc6e0f53bb5b12c3e75bedb0e01bbd7a640eea69
  LightweightObservable: 8687e8e1e2940ae2f64d7f71fe78c036d89c966f
  LoadingShimmer: dd681218498ec9648f572b845a7299b9c62e8e30
  MercariQRScanner: e1ee83878c2b4606661afa72d54af82bb6e355aa
  PryntTrimmerView: 67e67573ffd4c073f1308effa66aefd0cfa667a0
  PubNubSwift: db8d3a556ecd546d7cbf9cb0df2b79dafb67603c
  PusherSwift: a5369a01e8a9106b4897e9186265af1426726062
  PushNotifications: 6e3d148e5e129af9d4a9279b288c934f9a7f9066
  ReachabilitySwift: 408477d1b6ed9779dba301953171e017c31241f3
  ScalingCarousel: a458c9a689076e647cd5cafe36e1664a12738ea8
  ShimmerSwift: f7ed2daf9c246de8299dfd9e12c6ab465cba9842
  SimpleCheckbox: ddcd433ab8c3a8f57300bebda13151a8f302c7f9
  Starscream: ef3ece99d765eeccb67de105bfa143f929026cf5
  SteviaLayout: c2ecdcff57d44e38fd2f65e54ad52aeae28ca0c4
  SwiftDataTables: 9e5f2ad7e7430c8008a31e66a0237ed29bf6fca8
  ToosieSlide: b410e89e0e1c00aecddeecebd1b4a8ed66385cac
  ViewPager-Swift: 7d83f5d4888a0fa808c08c8405ba84e603a2eb58
  Windless: c6b7d63ac3a0c7e6b241e316650d4605abf71894
  XLPagerTabStrip: 61c57fd61f611ee5f01ff1495ad6fbee8bf496c5
  YNSearch: 56d4aad4547fd1efce355cccc220a94735b1ea14
  YPImagePicker: 08bbb809ed62bf4149fc015c97249eb4b9463ff9

PODFILE CHECKSUM: b83c4269b5d8de066ea26c7ee210d3fe50acfb05

COCOAPODS: 1.9.3
