// !$*UTF8*$!
{
	archiveVersion = 1;
	classes = {
	};
	objectVersion = 51;
	objects = {

/* Begin PBXBuildFile section */
		1EA1169CA9C5C516138DB602 /* Pods_ting.framework in Frameworks */ = {isa = PBXBuildFile; fileRef = F4863839C5BE4B747F8CCDFF /* Pods_ting.framework */; };
		8F05667F230DBD8900225A95 /* icon_unwind_25_white.png in Resources */ = {isa = PBXBuildFile; fileRef = 8F05667E230DBD8700225A95 /* icon_unwind_25_white.png */; };
		8F056685230DECF400225A95 /* icon_edit_25_white.png in Resources */ = {isa = PBXBuildFile; fileRef = 8F056684230DECF400225A95 /* icon_edit_25_white.png */; };
		8F056687230E8AF700225A95 /* UserTabLayoutView.swift in Sources */ = {isa = PBXBuildFile; fileRef = 8F056686230E8AF700225A95 /* UserTabLayoutView.swift */; };
		8F07FFCB2312828300D0ACD5 /* EditUserCollectionViewCell.swift in Sources */ = {isa = PBXBuildFile; fileRef = 8F07FFCA2312828300D0ACD5 /* EditUserCollectionViewCell.swift */; };
		8F07FFCD23128B2D00D0ACD5 /* TitleTextLabel.swift in Sources */ = {isa = PBXBuildFile; fileRef = 8F07FFCC23128B2D00D0ACD5 /* TitleTextLabel.swift */; };
		8F07FFCF2312AA8F00D0ACD5 /* CustomViews.swift in Sources */ = {isa = PBXBuildFile; fileRef = 8F07FFCE2312AA8F00D0ACD5 /* CustomViews.swift */; };
		8F07FFD12312F14100D0ACD5 /* Spinner.swift in Sources */ = {isa = PBXBuildFile; fileRef = 8F07FFD02312F14100D0ACD5 /* Spinner.swift */; };
		8F07FFD52313BDDC00D0ACD5 /* UserAddressesView.swift in Sources */ = {isa = PBXBuildFile; fileRef = 8F07FFD42313BDDC00D0ACD5 /* UserAddressesView.swift */; };
		8F07FFD7231467AF00D0ACD5 /* SecondaryButton.swift in Sources */ = {isa = PBXBuildFile; fileRef = 8F07FFD6231467AF00D0ACD5 /* SecondaryButton.swift */; };
		8F0D3577232A10A500B39825 /* CGRectExtension.swift in Sources */ = {isa = PBXBuildFile; fileRef = 8F0D3576232A10A500B39825 /* CGRectExtension.swift */; };
		8F0D814323153480003138B6 /* CustomMapMarker.swift in Sources */ = {isa = PBXBuildFile; fileRef = 8F0D814223153480003138B6 /* CustomMapMarker.swift */; };
		8F0D814623155C0C003138B6 /* TriangleView.swift in Sources */ = {isa = PBXBuildFile; fileRef = 8F0D814523155C0C003138B6 /* TriangleView.swift */; };
		8F0FB941232D3796003DAA86 /* IconTextView.swift in Sources */ = {isa = PBXBuildFile; fileRef = 8F0FB940232D3796003DAA86 /* IconTextView.swift */; };
		8F1095002330060700A7519B /* DateExtension.swift in Sources */ = {isa = PBXBuildFile; fileRef = 8F1094FF2330060700A7519B /* DateExtension.swift */; };
		8F1095022330C83400A7519B /* DoubleExtension.swift in Sources */ = {isa = PBXBuildFile; fileRef = 8F1095012330C83300A7519B /* DoubleExtension.swift */; };
		8F11988B232F5E3F00DA8C7D /* APIDataProvider.swift in Sources */ = {isa = PBXBuildFile; fileRef = 8F11988A232F5E3F00DA8C7D /* APIDataProvider.swift */; };
		8F12248F23312351000C20EF /* FloatingButton.swift in Sources */ = {isa = PBXBuildFile; fileRef = 8F12248E23312351000C20EF /* FloatingButton.swift */; };
		8F13CAF42334EF3000E3D03D /* RestaurantMapInfoWindowView.swift in Sources */ = {isa = PBXBuildFile; fileRef = 8F13CAF32334EF3000E3D03D /* RestaurantMapInfoWindowView.swift */; };
		8F13CAF62334FDB300E3D03D /* InlineIconTextView.swift in Sources */ = {isa = PBXBuildFile; fileRef = 8F13CAF52334FDB300E3D03D /* InlineIconTextView.swift */; };
		8F14F138233285D300844B63 /* UIDeviceExtension.swift in Sources */ = {isa = PBXBuildFile; fileRef = 8F14F137233285D300844B63 /* UIDeviceExtension.swift */; };
		8F157C6323A8B146008C88E2 /* PromotionMenuDetailsViewCell.swift in Sources */ = {isa = PBXBuildFile; fileRef = 8F157C6223A8B146008C88E2 /* PromotionMenuDetailsViewCell.swift */; };
		8F157C6523A8FCCF008C88E2 /* PromotedMenuViewCell.swift in Sources */ = {isa = PBXBuildFile; fileRef = 8F157C6423A8FCCF008C88E2 /* PromotedMenuViewCell.swift */; };
		8F157C6723A9F6B0008C88E2 /* RestaurantHeaderViewCell.swift in Sources */ = {isa = PBXBuildFile; fileRef = 8F157C6623A9F6B0008C88E2 /* RestaurantHeaderViewCell.swift */; };
		8F157C6923A9F806008C88E2 /* UserHeaderViewCell.swift in Sources */ = {isa = PBXBuildFile; fileRef = 8F157C6823A9F806008C88E2 /* UserHeaderViewCell.swift */; };
		8F157C6B23A9F873008C88E2 /* UserTabContentViewCell.swift in Sources */ = {isa = PBXBuildFile; fileRef = 8F157C6A23A9F873008C88E2 /* UserTabContentViewCell.swift */; };
		8F157C6F23AA214E008C88E2 /* RestaurantTabViewController.swift in Sources */ = {isa = PBXBuildFile; fileRef = 8F157C6E23AA214E008C88E2 /* RestaurantTabViewController.swift */; };
		8F157C7123AA232B008C88E2 /* RestaurantPromosViewController.swift in Sources */ = {isa = PBXBuildFile; fileRef = 8F157C7023AA232B008C88E2 /* RestaurantPromosViewController.swift */; };
		8F157C7323AA2347008C88E2 /* RestaurantFoodsViewController.swift in Sources */ = {isa = PBXBuildFile; fileRef = 8F157C7223AA2347008C88E2 /* RestaurantFoodsViewController.swift */; };
		8F157C7523AA2362008C88E2 /* RestaurantDrinksViewController.swift in Sources */ = {isa = PBXBuildFile; fileRef = 8F157C7423AA2362008C88E2 /* RestaurantDrinksViewController.swift */; };
		8F157C7723AA237B008C88E2 /* RestaurantDishesViewController.swift in Sources */ = {isa = PBXBuildFile; fileRef = 8F157C7623AA237B008C88E2 /* RestaurantDishesViewController.swift */; };
		8F157C7923AB6D1F008C88E2 /* RestaurantPromotionViewCell.swift in Sources */ = {isa = PBXBuildFile; fileRef = 8F157C7823AB6D1F008C88E2 /* RestaurantPromotionViewCell.swift */; };
		8F157C7B23ADFB55008C88E2 /* RestaurantMenuViewCell.swift in Sources */ = {isa = PBXBuildFile; fileRef = 8F157C7A23ADFB55008C88E2 /* RestaurantMenuViewCell.swift */; };
		8F157C7D23B1D111008C88E2 /* MenuItemView.swift in Sources */ = {isa = PBXBuildFile; fileRef = 8F157C7C23B1D110008C88E2 /* MenuItemView.swift */; };
		8F157C7F23B372D3008C88E2 /* RestaurantReviewsController.swift in Sources */ = {isa = PBXBuildFile; fileRef = 8F157C7E23B372D3008C88E2 /* RestaurantReviewsController.swift */; };
		8F157C8123B37318008C88E2 /* RestaurantLikesController.swift in Sources */ = {isa = PBXBuildFile; fileRef = 8F157C8023B37318008C88E2 /* RestaurantLikesController.swift */; };
		8F157C8323B37356008C88E2 /* RestaurantAboutController.swift in Sources */ = {isa = PBXBuildFile; fileRef = 8F157C8223B37356008C88E2 /* RestaurantAboutController.swift */; };
		8F157C8523B3B5D1008C88E2 /* RestaurantReviewCell.swift in Sources */ = {isa = PBXBuildFile; fileRef = 8F157C8423B3B5D1008C88E2 /* RestaurantReviewCell.swift */; };
		8F157C8723B4B0E7008C88E2 /* EditRestaurantReviewController.swift in Sources */ = {isa = PBXBuildFile; fileRef = 8F157C8623B4B0E7008C88E2 /* EditRestaurantReviewController.swift */; };
		8F157C8923B52155008C88E2 /* RestaurantLikeViewCell.swift in Sources */ = {isa = PBXBuildFile; fileRef = 8F157C8823B52154008C88E2 /* RestaurantLikeViewCell.swift */; };
		8F1D75E72331D507000B25C9 /* RestaurantMapView.swift in Sources */ = {isa = PBXBuildFile; fileRef = 8F1D75E62331D507000B25C9 /* RestaurantMapView.swift */; };
		8F1D75E92331F801000B25C9 /* UIApplicationExtension.swift in Sources */ = {isa = PBXBuildFile; fileRef = 8F1D75E82331F801000B25C9 /* UIApplicationExtension.swift */; };
		8F1F112622FA23CC00CA4DD9 /* ResetPasswordViewController.swift in Sources */ = {isa = PBXBuildFile; fileRef = 8F1F112522FA23CC00CA4DD9 /* ResetPasswordViewController.swift */; };
		8F2F05162335352F00517F36 /* RestaurantViewController.swift in Sources */ = {isa = PBXBuildFile; fileRef = 8F2F05152335352F00517F36 /* RestaurantViewController.swift */; };
		8F2F8B0B22F0BC2200FF5B59 /* AppDelegate.swift in Sources */ = {isa = PBXBuildFile; fileRef = 8F2F8B0A22F0BC2200FF5B59 /* AppDelegate.swift */; };
		8F2F8B0D22F0BC2200FF5B59 /* LoginViewController.swift in Sources */ = {isa = PBXBuildFile; fileRef = 8F2F8B0C22F0BC2200FF5B59 /* LoginViewController.swift */; };
		8F2F8B1222F0BC2300FF5B59 /* Assets.xcassets in Resources */ = {isa = PBXBuildFile; fileRef = 8F2F8B1122F0BC2300FF5B59 /* Assets.xcassets */; };
		8F2F8B1522F0BC2300FF5B59 /* LaunchScreen.storyboard in Resources */ = {isa = PBXBuildFile; fileRef = 8F2F8B1322F0BC2300FF5B59 /* LaunchScreen.storyboard */; };
		8F2F8B1C22F0BE8F00FF5B59 /* Main.storyboard in Resources */ = {isa = PBXBuildFile; fileRef = 8F2F8B0E22F0BC2200FF5B59 /* Main.storyboard */; };
		8F30B20922F9B603000B66B7 /* UserAuthentication.swift in Sources */ = {isa = PBXBuildFile; fileRef = 8F30B20822F9B603000B66B7 /* UserAuthentication.swift */; };
		8F30B20B22F9B729000B66B7 /* Home.storyboard in Resources */ = {isa = PBXBuildFile; fileRef = 8F30B20A22F9B729000B66B7 /* Home.storyboard */; };
		8F30B20E22F9B8E2000B66B7 /* HomeViewController.swift in Sources */ = {isa = PBXBuildFile; fileRef = 8F30B20D22F9B8E2000B66B7 /* HomeViewController.swift */; };
		8F3309D722F9E8B400437767 /* HomeDiscoverViewController.swift in Sources */ = {isa = PBXBuildFile; fileRef = 8F3309D622F9E8B400437767 /* HomeDiscoverViewController.swift */; };
		8F3309D922F9E8D100437767 /* HomeRestaurantsViewController.swift in Sources */ = {isa = PBXBuildFile; fileRef = 8F3309D822F9E8D100437767 /* HomeRestaurantsViewController.swift */; };
		8F3309DB22F9E8E900437767 /* HomeMomentsViewController.swift in Sources */ = {isa = PBXBuildFile; fileRef = 8F3309DA22F9E8E900437767 /* HomeMomentsViewController.swift */; };
		8F3309DE22F9EBB700437767 /* LaunchScreenViewController.swift in Sources */ = {isa = PBXBuildFile; fileRef = 8F3309DD22F9EBB700437767 /* LaunchScreenViewController.swift */; };
		8F36E729233648D70028ECE6 /* BottomSheetMenuControllerView.swift in Sources */ = {isa = PBXBuildFile; fileRef = 8F36E728233648D70028ECE6 /* BottomSheetMenuControllerView.swift */; };
		8F36E72D2336881B0028ECE6 /* PolylineMapRoute.swift in Sources */ = {isa = PBXBuildFile; fileRef = 8F36E72C2336881A0028ECE6 /* PolylineMapRoute.swift */; };
		8F37674324EBA38800E80E98 /* RecommandedRestaurantViewCell.swift in Sources */ = {isa = PBXBuildFile; fileRef = 8F37674224EBA38800E80E98 /* RecommandedRestaurantViewCell.swift */; };
		8F38601822F1D21E00479072 /* Poppins_Extra_Bold.ttf in Resources */ = {isa = PBXBuildFile; fileRef = 8F38600F22F1D21E00479072 /* Poppins_Extra_Bold.ttf */; };
		8F38601922F1D21E00479072 /* Poppins_Light.ttf in Resources */ = {isa = PBXBuildFile; fileRef = 8F38601022F1D21E00479072 /* Poppins_Light.ttf */; };
		8F38601A22F1D21E00479072 /* Poppins_Semi_bold.ttf in Resources */ = {isa = PBXBuildFile; fileRef = 8F38601122F1D21E00479072 /* Poppins_Semi_bold.ttf */; };
		8F38601B22F1D21E00479072 /* Poppins_Thin.ttf in Resources */ = {isa = PBXBuildFile; fileRef = 8F38601222F1D21E00479072 /* Poppins_Thin.ttf */; };
		8F38601C22F1D21E00479072 /* Poppins_Medium.ttf in Resources */ = {isa = PBXBuildFile; fileRef = 8F38601322F1D21E00479072 /* Poppins_Medium.ttf */; };
		8F38601D22F1D21E00479072 /* Poppins_Black.ttf in Resources */ = {isa = PBXBuildFile; fileRef = 8F38601422F1D21E00479072 /* Poppins_Black.ttf */; };
		8F38601E22F1D21E00479072 /* Poppins_Regular.ttf in Resources */ = {isa = PBXBuildFile; fileRef = 8F38601522F1D21E00479072 /* Poppins_Regular.ttf */; };
		8F38601F22F1D21E00479072 /* Poppins_Extra_Light.ttf in Resources */ = {isa = PBXBuildFile; fileRef = 8F38601622F1D21E00479072 /* Poppins_Extra_Light.ttf */; };
		8F38602022F1D21E00479072 /* Poppins_Bold.ttf in Resources */ = {isa = PBXBuildFile; fileRef = 8F38601722F1D21E00479072 /* Poppins_Bold.ttf */; };
		8F38602222F1D21E00479072 /* PaddedTextField.swift in Sources */ = {isa = PBXBuildFile; fileRef = 8F38602122F1D21E00479072 /* PaddedTextField.swift */; };
		8F3E3CF4230B903500D9BC1C /* HomeMenuViewController.swift in Sources */ = {isa = PBXBuildFile; fileRef = 8F3E3CF3230B903500D9BC1C /* HomeMenuViewController.swift */; };
		8F3E3CF6230B981C00D9BC1C /* CircularImageView.swift in Sources */ = {isa = PBXBuildFile; fileRef = 8F3E3CF5230B981C00D9BC1C /* CircularImageView.swift */; };
		8F3E3CF9230BA53300D9BC1C /* default_user.jpg in Resources */ = {isa = PBXBuildFile; fileRef = 8F3E3CF7230BA53200D9BC1C /* default_user.jpg */; };
		8F3E3CFA230BA53300D9BC1C /* default_restaurant.png in Resources */ = {isa = PBXBuildFile; fileRef = 8F3E3CF8230BA53300D9BC1C /* default_restaurant.png */; };
		8F3E3CFC230BABDF00D9BC1C /* UIImageViewExtension.swift in Sources */ = {isa = PBXBuildFile; fileRef = 8F3E3CFB230BABDF00D9BC1C /* UIImageViewExtension.swift */; };
		8F3E3CFE230BB3A700D9BC1C /* icon_settings_32_black.png in Resources */ = {isa = PBXBuildFile; fileRef = 8F3E3CFD230BB3A600D9BC1C /* icon_settings_32_black.png */; };
		8F3E3D03230BD11A00D9BC1C /* icon_orders.png in Resources */ = {isa = PBXBuildFile; fileRef = 8F3E3CFF230BD11300D9BC1C /* icon_orders.png */; };
		8F3E3D04230BD11A00D9BC1C /* icon_logout.png in Resources */ = {isa = PBXBuildFile; fileRef = 8F3E3D00230BD11500D9BC1C /* icon_logout.png */; };
		8F3E3D05230BD11A00D9BC1C /* icon_user.png in Resources */ = {isa = PBXBuildFile; fileRef = 8F3E3D01230BD11700D9BC1C /* icon_user.png */; };
		8F3E3D06230BD11A00D9BC1C /* icon_booking.png in Resources */ = {isa = PBXBuildFile; fileRef = 8F3E3D02230BD11800D9BC1C /* icon_booking.png */; };
		8F3E3D09230BD17600D9BC1C /* icon_moments.png in Resources */ = {isa = PBXBuildFile; fileRef = 8F3E3D07230BD17500D9BC1C /* icon_moments.png */; };
		8F3E3D0A230BD17600D9BC1C /* icon_restaurants.png in Resources */ = {isa = PBXBuildFile; fileRef = 8F3E3D08230BD17500D9BC1C /* icon_restaurants.png */; };
		8F3E3D0D230BDA9000D9BC1C /* UserMenuNavigationController.swift in Sources */ = {isa = PBXBuildFile; fileRef = 8F3E3D0C230BDA9000D9BC1C /* UserMenuNavigationController.swift */; };
		8F3E3D0F230C5F6800D9BC1C /* UserViewController.swift in Sources */ = {isa = PBXBuildFile; fileRef = 8F3E3D0E230C5F6800D9BC1C /* UserViewController.swift */; };
		8F3EA429230F2C7A00508E67 /* EditUserCollectionViewController.swift in Sources */ = {isa = PBXBuildFile; fileRef = 8F3EA428230F2C7A00508E67 /* EditUserCollectionViewController.swift */; };
		8F43F3CE22F798E200545AC2 /* Requests.swift in Sources */ = {isa = PBXBuildFile; fileRef = 8F43F3CD22F798E200545AC2 /* Requests.swift */; };
		8F43F3D022F79DC900545AC2 /* Media.swift in Sources */ = {isa = PBXBuildFile; fileRef = 8F43F3CF22F79DC900545AC2 /* Media.swift */; };
		8F43F3D222F87E2200545AC2 /* Podfile in Resources */ = {isa = PBXBuildFile; fileRef = 8F43F3D122F87E2200545AC2 /* Podfile */; };
		8F49C0F922F2F7F60084F3E7 /* UIViewControllerExtension.swift in Sources */ = {isa = PBXBuildFile; fileRef = 8F49C0F822F2F7F60084F3E7 /* UIViewControllerExtension.swift */; };
		8F49C0FF22F383390084F3E7 /* icon_check_50_white.png in Resources */ = {isa = PBXBuildFile; fileRef = 8F49C0FE22F383390084F3E7 /* icon_check_50_white.png */; };
		8F49C10222F385CB0084F3E7 /* ServerResponse.swift in Sources */ = {isa = PBXBuildFile; fileRef = 8F49C10122F385CB0084F3E7 /* ServerResponse.swift */; };
		8F49C10422F491E60084F3E7 /* Branch.swift in Sources */ = {isa = PBXBuildFile; fileRef = 8F49C10322F491E60084F3E7 /* Branch.swift */; };
		8F49C10822F494C50084F3E7 /* MenuPromotion.swift in Sources */ = {isa = PBXBuildFile; fileRef = 8F49C10722F494C50084F3E7 /* MenuPromotion.swift */; };
		8F49C10A22F496270084F3E7 /* Restaurant.swift in Sources */ = {isa = PBXBuildFile; fileRef = 8F49C10922F496270084F3E7 /* Restaurant.swift */; };
		8F49C10C22F497D80084F3E7 /* RestaurantMenu.swift in Sources */ = {isa = PBXBuildFile; fileRef = 8F49C10B22F497D80084F3E7 /* RestaurantMenu.swift */; };
		8F49C10E22F49ABA0084F3E7 /* User.swift in Sources */ = {isa = PBXBuildFile; fileRef = 8F49C10D22F49ABA0084F3E7 /* User.swift */; };
		8F49C11022F4A7460084F3E7 /* SignUpViewController.swift in Sources */ = {isa = PBXBuildFile; fileRef = 8F49C10F22F4A7460084F3E7 /* SignUpViewController.swift */; };
		8F4C1AFB24E9153D002BEF50 /* DetailsShimmerView.swift in Sources */ = {isa = PBXBuildFile; fileRef = 8F4C1AFA24E9153D002BEF50 /* DetailsShimmerView.swift */; };
		8F4C1B0024E926AA002BEF50 /* CuisineViewController.swift in Sources */ = {isa = PBXBuildFile; fileRef = 8F4C1AFF24E926AA002BEF50 /* CuisineViewController.swift */; };
		8F4C1B0224E926FA002BEF50 /* CuisineRestaurantsViewController.swift in Sources */ = {isa = PBXBuildFile; fileRef = 8F4C1B0124E926FA002BEF50 /* CuisineRestaurantsViewController.swift */; };
		8F4C1B0424E9271B002BEF50 /* CuisineMenusViewController.swift in Sources */ = {isa = PBXBuildFile; fileRef = 8F4C1B0324E9271B002BEF50 /* CuisineMenusViewController.swift */; };
		8F4C1B0624E97B6E002BEF50 /* CuisineRestaurantViewCell.swift in Sources */ = {isa = PBXBuildFile; fileRef = 8F4C1B0524E97B6E002BEF50 /* CuisineRestaurantViewCell.swift */; };
		8F55441C232C0A32001BCBE2 /* CosmosView.swift in Sources */ = {isa = PBXBuildFile; fileRef = 8F55441B232C0A32001BCBE2 /* CosmosView.swift */; };
		8F68B03222F583E500A3AB3B /* PrimaryButton.swift in Sources */ = {isa = PBXBuildFile; fileRef = 8F68B03122F583E500A3AB3B /* PrimaryButton.swift */; };
		8F79B4BA22F4C9D3000FBBB1 /* LeftToRightSegue.swift in Sources */ = {isa = PBXBuildFile; fileRef = 8F79B4B922F4C9D3000FBBB1 /* LeftToRightSegue.swift */; };
		8F79B4BE22F558EC000FBBB1 /* icon_unwind_25_primary.png in Resources */ = {isa = PBXBuildFile; fileRef = 8F79B4BD22F558EC000FBBB1 /* icon_unwind_25_primary.png */; };
		8F88EE7822F2B320000C4ED2 /* Constatnts.swift in Sources */ = {isa = PBXBuildFile; fileRef = 8F88EE7722F2B320000C4ED2 /* Constatnts.swift */; };
		8F88EE7A22F2B737000C4ED2 /* UIViewExtension.swift in Sources */ = {isa = PBXBuildFile; fileRef = 8F88EE7922F2B737000C4ED2 /* UIViewExtension.swift */; };
		8F934E922370C2D30093D9AA /* LaunchScreen.storyboard in Sources */ = {isa = PBXBuildFile; fileRef = 8F2F8B1322F0BC2300FF5B59 /* LaunchScreen.storyboard */; };
		8F934E932370C2DD0093D9AA /* Main.storyboard in Sources */ = {isa = PBXBuildFile; fileRef = 8F2F8B0E22F0BC2200FF5B59 /* Main.storyboard */; };
		8F934E942370C2E30093D9AA /* Home.storyboard in Sources */ = {isa = PBXBuildFile; fileRef = 8F30B20A22F9B729000B66B7 /* Home.storyboard */; };
		8FA0334124E2603600B0D680 /* CarouselView.swift in Sources */ = {isa = PBXBuildFile; fileRef = 8FA0334024E2603600B0D680 /* CarouselView.swift */; };
		8FA0334424E2658800B0D680 /* CuisineViewCell.swift in Sources */ = {isa = PBXBuildFile; fileRef = 8FA0334324E2658800B0D680 /* CuisineViewCell.swift */; };
		8FA0334624E279D500B0D680 /* LocalData.swift in Sources */ = {isa = PBXBuildFile; fileRef = 8FA0334524E279D500B0D680 /* LocalData.swift */; };
		8FA0334924E2AF4900B0D680 /* RowShimmerView.swift in Sources */ = {isa = PBXBuildFile; fileRef = 8FA0334824E2AF4900B0D680 /* RowShimmerView.swift */; };
		8FA0334D24E4217C00B0D680 /* RestaurantFilters.swift in Sources */ = {isa = PBXBuildFile; fileRef = 8FA0334C24E4217C00B0D680 /* RestaurantFilters.swift */; };
		8FA5716A24DEFBCE00C8034D /* Bill.swift in Sources */ = {isa = PBXBuildFile; fileRef = 8FA5716924DEFBCE00C8034D /* Bill.swift */; };
		8FA5716C24DEFE3C00C8034D /* Booking.swift in Sources */ = {isa = PBXBuildFile; fileRef = 8FA5716B24DEFE3C00C8034D /* Booking.swift */; };
		8FA5716E24DEFF9500C8034D /* Placement.swift in Sources */ = {isa = PBXBuildFile; fileRef = 8FA5716D24DEFF9500C8034D /* Placement.swift */; };
		8FA5717024DF002F00C8034D /* Administrator.swift in Sources */ = {isa = PBXBuildFile; fileRef = 8FA5716F24DF002F00C8034D /* Administrator.swift */; };
		8FA5717224DF024D00C8034D /* SearchResult.swift in Sources */ = {isa = PBXBuildFile; fileRef = 8FA5717124DF024D00C8034D /* SearchResult.swift */; };
		8FA5717424DF02EF00C8034D /* SocketResponseMessage.swift in Sources */ = {isa = PBXBuildFile; fileRef = 8FA5717324DF02EF00C8034D /* SocketResponseMessage.swift */; };
		8FA5717624E0630D00C8034D /* RestaurantSpecificationsViewController.swift in Sources */ = {isa = PBXBuildFile; fileRef = 8FA5717524E0630C00C8034D /* RestaurantSpecificationsViewController.swift */; };
		8FAA270822F8965300B0B05B /* InputTextField.swift in Sources */ = {isa = PBXBuildFile; fileRef = 8FAA270722F8965300B0B05B /* InputTextField.swift */; };
		8FB57B9D2378633D00732D5A /* MenuDetailsViewCell.swift in Sources */ = {isa = PBXBuildFile; fileRef = 8FB57B9C2378633D00732D5A /* MenuDetailsViewCell.swift */; };
		8FB57B9F2378671C00732D5A /* MenuReviewViewCell.swift in Sources */ = {isa = PBXBuildFile; fileRef = 8FB57B9E2378671C00732D5A /* MenuReviewViewCell.swift */; };
		8FB57BA12379351100732D5A /* MenuDishFoodViewCell.swift in Sources */ = {isa = PBXBuildFile; fileRef = 8FB57BA02379351100732D5A /* MenuDishFoodViewCell.swift */; };
		8FB57BA3237AA21700732D5A /* MenuPromotionViewCell.swift in Sources */ = {isa = PBXBuildFile; fileRef = 8FB57BA2237AA21700732D5A /* MenuPromotionViewCell.swift */; };
		8FB57BA5237BF3BC00732D5A /* ReviewsPercentsView.swift in Sources */ = {isa = PBXBuildFile; fileRef = 8FB57BA4237BF3BB00732D5A /* ReviewsPercentsView.swift */; };
		8FB57BA7237BF44200732D5A /* BarChartEntry.swift in Sources */ = {isa = PBXBuildFile; fileRef = 8FB57BA6237BF44200732D5A /* BarChartEntry.swift */; };
		8FB57BA9237EE58100732D5A /* RestaurantMenuReviewsViewController.swift in Sources */ = {isa = PBXBuildFile; fileRef = 8FB57BA8237EE58100732D5A /* RestaurantMenuReviewsViewController.swift */; };
		8FB7B0162329092C002B1F60 /* UserControlView.swift in Sources */ = {isa = PBXBuildFile; fileRef = 8FB7B0152329092C002B1F60 /* UserControlView.swift */; };
		8FB7B01823294FA7002B1F60 /* TouchRespondScrollView.swift in Sources */ = {isa = PBXBuildFile; fileRef = 8FB7B01723294FA7002B1F60 /* TouchRespondScrollView.swift */; };
		8FB7B20A2389034C00245012 /* EditMenuReviewViewController.swift in Sources */ = {isa = PBXBuildFile; fileRef = 8FB7B2092389034B00245012 /* EditMenuReviewViewController.swift */; };
		8FB7B20C23A8A03C00245012 /* PromotionMenuViewController.swift in Sources */ = {isa = PBXBuildFile; fileRef = 8FB7B20B23A8A03C00245012 /* PromotionMenuViewController.swift */; };
		8FC6088622FA2EE5005D142B /* Toast.swift in Sources */ = {isa = PBXBuildFile; fileRef = 8FC6088522FA2EE5005D142B /* Toast.swift */; };
		8FC6088822FBD361005D142B /* Functions.swift in Sources */ = {isa = PBXBuildFile; fileRef = 8FC6088722FBD361005D142B /* Functions.swift */; };
		8FC6089222FCA7D3005D142B /* UITabBarViewControllerExtension.swift in Sources */ = {isa = PBXBuildFile; fileRef = 8FC6089122FCA7D3005D142B /* UITabBarViewControllerExtension.swift */; };
		8FC608942309BEB2005D142B /* References in Resources */ = {isa = PBXBuildFile; fileRef = 8FC608932309BEB2005D142B /* References */; };
		8FDDF97623716A97000AA334 /* ImageTextView.swift in Sources */ = {isa = PBXBuildFile; fileRef = 8FDDF97523716A97000AA334 /* ImageTextView.swift */; };
		8FDDF97823729C07000AA334 /* VerticalTopAlignLabel.swift in Sources */ = {isa = PBXBuildFile; fileRef = 8FDDF97723729C07000AA334 /* VerticalTopAlignLabel.swift */; };
		8FDDF97A2372A737000AA334 /* RestaurantMenuViewController.swift in Sources */ = {isa = PBXBuildFile; fileRef = 8FDDF9792372A737000AA334 /* RestaurantMenuViewController.swift */; };
		8FDDF97C23741608000AA334 /* StringExtension.swift in Sources */ = {isa = PBXBuildFile; fileRef = 8FDDF97B23741608000AA334 /* StringExtension.swift */; };
		8FEB1D99232B66B10024FF04 /* RestaurantViewCell.swift in Sources */ = {isa = PBXBuildFile; fileRef = 8FEB1D98232B66B10024FF04 /* RestaurantViewCell.swift */; };
		8FF1687524E6FB0B00DD13A2 /* RestaurantFiltersViewController.swift in Sources */ = {isa = PBXBuildFile; fileRef = 8FF1687424E6FB0B00DD13A2 /* RestaurantFiltersViewController.swift */; };
/* End PBXBuildFile section */

/* Begin PBXFileReference section */
		8F05667E230DBD8700225A95 /* icon_unwind_25_white.png */ = {isa = PBXFileReference; lastKnownFileType = image.png; path = icon_unwind_25_white.png; sourceTree = "<group>"; };
		8F056684230DECF400225A95 /* icon_edit_25_white.png */ = {isa = PBXFileReference; lastKnownFileType = image.png; path = icon_edit_25_white.png; sourceTree = "<group>"; };
		8F056686230E8AF700225A95 /* UserTabLayoutView.swift */ = {isa = PBXFileReference; lastKnownFileType = sourcecode.swift; path = UserTabLayoutView.swift; sourceTree = "<group>"; };
		8F07FFCA2312828300D0ACD5 /* EditUserCollectionViewCell.swift */ = {isa = PBXFileReference; lastKnownFileType = sourcecode.swift; path = EditUserCollectionViewCell.swift; sourceTree = "<group>"; };
		8F07FFCC23128B2D00D0ACD5 /* TitleTextLabel.swift */ = {isa = PBXFileReference; lastKnownFileType = sourcecode.swift; path = TitleTextLabel.swift; sourceTree = "<group>"; };
		8F07FFCE2312AA8F00D0ACD5 /* CustomViews.swift */ = {isa = PBXFileReference; lastKnownFileType = sourcecode.swift; path = CustomViews.swift; sourceTree = "<group>"; };
		8F07FFD02312F14100D0ACD5 /* Spinner.swift */ = {isa = PBXFileReference; lastKnownFileType = sourcecode.swift; path = Spinner.swift; sourceTree = "<group>"; };
		8F07FFD42313BDDC00D0ACD5 /* UserAddressesView.swift */ = {isa = PBXFileReference; lastKnownFileType = sourcecode.swift; path = UserAddressesView.swift; sourceTree = "<group>"; };
		8F07FFD6231467AF00D0ACD5 /* SecondaryButton.swift */ = {isa = PBXFileReference; lastKnownFileType = sourcecode.swift; path = SecondaryButton.swift; sourceTree = "<group>"; };
		8F0D3576232A10A500B39825 /* CGRectExtension.swift */ = {isa = PBXFileReference; lastKnownFileType = sourcecode.swift; path = CGRectExtension.swift; sourceTree = "<group>"; };
		8F0D814223153480003138B6 /* CustomMapMarker.swift */ = {isa = PBXFileReference; lastKnownFileType = sourcecode.swift; path = CustomMapMarker.swift; sourceTree = "<group>"; };
		8F0D814523155C0C003138B6 /* TriangleView.swift */ = {isa = PBXFileReference; lastKnownFileType = sourcecode.swift; path = TriangleView.swift; sourceTree = "<group>"; };
		8F0FB940232D3796003DAA86 /* IconTextView.swift */ = {isa = PBXFileReference; lastKnownFileType = sourcecode.swift; path = IconTextView.swift; sourceTree = "<group>"; };
		8F1094FF2330060700A7519B /* DateExtension.swift */ = {isa = PBXFileReference; lastKnownFileType = sourcecode.swift; path = DateExtension.swift; sourceTree = "<group>"; };
		8F1095012330C83300A7519B /* DoubleExtension.swift */ = {isa = PBXFileReference; lastKnownFileType = sourcecode.swift; path = DoubleExtension.swift; sourceTree = "<group>"; };
		8F11988A232F5E3F00DA8C7D /* APIDataProvider.swift */ = {isa = PBXFileReference; lastKnownFileType = sourcecode.swift; path = APIDataProvider.swift; sourceTree = "<group>"; };
		8F12248E23312351000C20EF /* FloatingButton.swift */ = {isa = PBXFileReference; lastKnownFileType = sourcecode.swift; path = FloatingButton.swift; sourceTree = "<group>"; };
		8F13CAF32334EF3000E3D03D /* RestaurantMapInfoWindowView.swift */ = {isa = PBXFileReference; lastKnownFileType = sourcecode.swift; path = RestaurantMapInfoWindowView.swift; sourceTree = "<group>"; };
		8F13CAF52334FDB300E3D03D /* InlineIconTextView.swift */ = {isa = PBXFileReference; lastKnownFileType = sourcecode.swift; path = InlineIconTextView.swift; sourceTree = "<group>"; };
		8F14F137233285D300844B63 /* UIDeviceExtension.swift */ = {isa = PBXFileReference; lastKnownFileType = sourcecode.swift; path = UIDeviceExtension.swift; sourceTree = "<group>"; };
		8F157C6223A8B146008C88E2 /* PromotionMenuDetailsViewCell.swift */ = {isa = PBXFileReference; lastKnownFileType = sourcecode.swift; path = PromotionMenuDetailsViewCell.swift; sourceTree = "<group>"; };
		8F157C6423A8FCCF008C88E2 /* PromotedMenuViewCell.swift */ = {isa = PBXFileReference; lastKnownFileType = sourcecode.swift; path = PromotedMenuViewCell.swift; sourceTree = "<group>"; };
		8F157C6623A9F6B0008C88E2 /* RestaurantHeaderViewCell.swift */ = {isa = PBXFileReference; lastKnownFileType = sourcecode.swift; path = RestaurantHeaderViewCell.swift; sourceTree = "<group>"; };
		8F157C6823A9F806008C88E2 /* UserHeaderViewCell.swift */ = {isa = PBXFileReference; lastKnownFileType = sourcecode.swift; path = UserHeaderViewCell.swift; sourceTree = "<group>"; };
		8F157C6A23A9F873008C88E2 /* UserTabContentViewCell.swift */ = {isa = PBXFileReference; lastKnownFileType = sourcecode.swift; path = UserTabContentViewCell.swift; sourceTree = "<group>"; };
		8F157C6E23AA214E008C88E2 /* RestaurantTabViewController.swift */ = {isa = PBXFileReference; lastKnownFileType = sourcecode.swift; path = RestaurantTabViewController.swift; sourceTree = "<group>"; };
		8F157C7023AA232B008C88E2 /* RestaurantPromosViewController.swift */ = {isa = PBXFileReference; lastKnownFileType = sourcecode.swift; path = RestaurantPromosViewController.swift; sourceTree = "<group>"; };
		8F157C7223AA2347008C88E2 /* RestaurantFoodsViewController.swift */ = {isa = PBXFileReference; lastKnownFileType = sourcecode.swift; path = RestaurantFoodsViewController.swift; sourceTree = "<group>"; };
		8F157C7423AA2362008C88E2 /* RestaurantDrinksViewController.swift */ = {isa = PBXFileReference; lastKnownFileType = sourcecode.swift; path = RestaurantDrinksViewController.swift; sourceTree = "<group>"; };
		8F157C7623AA237B008C88E2 /* RestaurantDishesViewController.swift */ = {isa = PBXFileReference; lastKnownFileType = sourcecode.swift; path = RestaurantDishesViewController.swift; sourceTree = "<group>"; };
		8F157C7823AB6D1F008C88E2 /* RestaurantPromotionViewCell.swift */ = {isa = PBXFileReference; lastKnownFileType = sourcecode.swift; path = RestaurantPromotionViewCell.swift; sourceTree = "<group>"; };
		8F157C7A23ADFB55008C88E2 /* RestaurantMenuViewCell.swift */ = {isa = PBXFileReference; lastKnownFileType = sourcecode.swift; path = RestaurantMenuViewCell.swift; sourceTree = "<group>"; };
		8F157C7C23B1D110008C88E2 /* MenuItemView.swift */ = {isa = PBXFileReference; lastKnownFileType = sourcecode.swift; path = MenuItemView.swift; sourceTree = "<group>"; };
		8F157C7E23B372D3008C88E2 /* RestaurantReviewsController.swift */ = {isa = PBXFileReference; lastKnownFileType = sourcecode.swift; path = RestaurantReviewsController.swift; sourceTree = "<group>"; };
		8F157C8023B37318008C88E2 /* RestaurantLikesController.swift */ = {isa = PBXFileReference; lastKnownFileType = sourcecode.swift; path = RestaurantLikesController.swift; sourceTree = "<group>"; };
		8F157C8223B37356008C88E2 /* RestaurantAboutController.swift */ = {isa = PBXFileReference; lastKnownFileType = sourcecode.swift; path = RestaurantAboutController.swift; sourceTree = "<group>"; };
		8F157C8423B3B5D1008C88E2 /* RestaurantReviewCell.swift */ = {isa = PBXFileReference; lastKnownFileType = sourcecode.swift; path = RestaurantReviewCell.swift; sourceTree = "<group>"; };
		8F157C8623B4B0E7008C88E2 /* EditRestaurantReviewController.swift */ = {isa = PBXFileReference; lastKnownFileType = sourcecode.swift; path = EditRestaurantReviewController.swift; sourceTree = "<group>"; };
		8F157C8823B52154008C88E2 /* RestaurantLikeViewCell.swift */ = {isa = PBXFileReference; lastKnownFileType = sourcecode.swift; path = RestaurantLikeViewCell.swift; sourceTree = "<group>"; };
		8F1D75E62331D507000B25C9 /* RestaurantMapView.swift */ = {isa = PBXFileReference; lastKnownFileType = sourcecode.swift; path = RestaurantMapView.swift; sourceTree = "<group>"; };
		8F1D75E82331F801000B25C9 /* UIApplicationExtension.swift */ = {isa = PBXFileReference; lastKnownFileType = sourcecode.swift; path = UIApplicationExtension.swift; sourceTree = "<group>"; };
		8F1F112522FA23CC00CA4DD9 /* ResetPasswordViewController.swift */ = {isa = PBXFileReference; lastKnownFileType = sourcecode.swift; path = ResetPasswordViewController.swift; sourceTree = "<group>"; };
		8F2F05152335352F00517F36 /* RestaurantViewController.swift */ = {isa = PBXFileReference; lastKnownFileType = sourcecode.swift; path = RestaurantViewController.swift; sourceTree = "<group>"; };
		8F2F8B0722F0BC2200FF5B59 /* Ting.app */ = {isa = PBXFileReference; explicitFileType = wrapper.application; includeInIndex = 0; path = Ting.app; sourceTree = BUILT_PRODUCTS_DIR; };
		8F2F8B0A22F0BC2200FF5B59 /* AppDelegate.swift */ = {isa = PBXFileReference; lastKnownFileType = sourcecode.swift; path = AppDelegate.swift; sourceTree = "<group>"; };
		8F2F8B0C22F0BC2200FF5B59 /* LoginViewController.swift */ = {isa = PBXFileReference; lastKnownFileType = sourcecode.swift; path = LoginViewController.swift; sourceTree = "<group>"; };
		8F2F8B0F22F0BC2200FF5B59 /* Base */ = {isa = PBXFileReference; lastKnownFileType = file.storyboard; name = Base; path = Base.lproj/Main.storyboard; sourceTree = "<group>"; };
		8F2F8B1122F0BC2300FF5B59 /* Assets.xcassets */ = {isa = PBXFileReference; lastKnownFileType = folder.assetcatalog; path = Assets.xcassets; sourceTree = "<group>"; };
		8F2F8B1422F0BC2300FF5B59 /* Base */ = {isa = PBXFileReference; lastKnownFileType = file.storyboard; name = Base; path = Base.lproj/LaunchScreen.storyboard; sourceTree = "<group>"; };
		8F2F8B1622F0BC2300FF5B59 /* Info.plist */ = {isa = PBXFileReference; lastKnownFileType = text.plist.xml; path = Info.plist; sourceTree = "<group>"; };
		8F30B20822F9B603000B66B7 /* UserAuthentication.swift */ = {isa = PBXFileReference; lastKnownFileType = sourcecode.swift; path = UserAuthentication.swift; sourceTree = "<group>"; };
		8F30B20A22F9B729000B66B7 /* Home.storyboard */ = {isa = PBXFileReference; lastKnownFileType = file.storyboard; path = Home.storyboard; sourceTree = "<group>"; };
		8F30B20D22F9B8E2000B66B7 /* HomeViewController.swift */ = {isa = PBXFileReference; lastKnownFileType = sourcecode.swift; path = HomeViewController.swift; sourceTree = "<group>"; };
		8F3309D622F9E8B400437767 /* HomeDiscoverViewController.swift */ = {isa = PBXFileReference; lastKnownFileType = sourcecode.swift; path = HomeDiscoverViewController.swift; sourceTree = "<group>"; };
		8F3309D822F9E8D100437767 /* HomeRestaurantsViewController.swift */ = {isa = PBXFileReference; lastKnownFileType = sourcecode.swift; path = HomeRestaurantsViewController.swift; sourceTree = "<group>"; };
		8F3309DA22F9E8E900437767 /* HomeMomentsViewController.swift */ = {isa = PBXFileReference; lastKnownFileType = sourcecode.swift; path = HomeMomentsViewController.swift; sourceTree = "<group>"; };
		8F3309DD22F9EBB700437767 /* LaunchScreenViewController.swift */ = {isa = PBXFileReference; lastKnownFileType = sourcecode.swift; path = LaunchScreenViewController.swift; sourceTree = "<group>"; };
		8F36E728233648D70028ECE6 /* BottomSheetMenuControllerView.swift */ = {isa = PBXFileReference; lastKnownFileType = sourcecode.swift; path = BottomSheetMenuControllerView.swift; sourceTree = "<group>"; };
		8F36E72C2336881A0028ECE6 /* PolylineMapRoute.swift */ = {isa = PBXFileReference; lastKnownFileType = sourcecode.swift; path = PolylineMapRoute.swift; sourceTree = "<group>"; };
		8F37674224EBA38800E80E98 /* RecommandedRestaurantViewCell.swift */ = {isa = PBXFileReference; lastKnownFileType = sourcecode.swift; path = RecommandedRestaurantViewCell.swift; sourceTree = "<group>"; };
		8F38600F22F1D21E00479072 /* Poppins_Extra_Bold.ttf */ = {isa = PBXFileReference; lastKnownFileType = file; path = Poppins_Extra_Bold.ttf; sourceTree = "<group>"; };
		8F38601022F1D21E00479072 /* Poppins_Light.ttf */ = {isa = PBXFileReference; lastKnownFileType = file; path = Poppins_Light.ttf; sourceTree = "<group>"; };
		8F38601122F1D21E00479072 /* Poppins_Semi_bold.ttf */ = {isa = PBXFileReference; lastKnownFileType = file; path = Poppins_Semi_bold.ttf; sourceTree = "<group>"; };
		8F38601222F1D21E00479072 /* Poppins_Thin.ttf */ = {isa = PBXFileReference; lastKnownFileType = file; path = Poppins_Thin.ttf; sourceTree = "<group>"; };
		8F38601322F1D21E00479072 /* Poppins_Medium.ttf */ = {isa = PBXFileReference; lastKnownFileType = file; path = Poppins_Medium.ttf; sourceTree = "<group>"; };
		8F38601422F1D21E00479072 /* Poppins_Black.ttf */ = {isa = PBXFileReference; lastKnownFileType = file; path = Poppins_Black.ttf; sourceTree = "<group>"; };
		8F38601522F1D21E00479072 /* Poppins_Regular.ttf */ = {isa = PBXFileReference; lastKnownFileType = file; path = Poppins_Regular.ttf; sourceTree = "<group>"; };
		8F38601622F1D21E00479072 /* Poppins_Extra_Light.ttf */ = {isa = PBXFileReference; lastKnownFileType = file; path = Poppins_Extra_Light.ttf; sourceTree = "<group>"; };
		8F38601722F1D21E00479072 /* Poppins_Bold.ttf */ = {isa = PBXFileReference; lastKnownFileType = file; path = Poppins_Bold.ttf; sourceTree = "<group>"; };
		8F38602122F1D21E00479072 /* PaddedTextField.swift */ = {isa = PBXFileReference; lastKnownFileType = sourcecode.swift; path = PaddedTextField.swift; sourceTree = "<group>"; };
		8F3E3CF3230B903500D9BC1C /* HomeMenuViewController.swift */ = {isa = PBXFileReference; lastKnownFileType = sourcecode.swift; path = HomeMenuViewController.swift; sourceTree = "<group>"; };
		8F3E3CF5230B981C00D9BC1C /* CircularImageView.swift */ = {isa = PBXFileReference; lastKnownFileType = sourcecode.swift; path = CircularImageView.swift; sourceTree = "<group>"; };
		8F3E3CF7230BA53200D9BC1C /* default_user.jpg */ = {isa = PBXFileReference; lastKnownFileType = image.jpeg; path = default_user.jpg; sourceTree = "<group>"; };
		8F3E3CF8230BA53300D9BC1C /* default_restaurant.png */ = {isa = PBXFileReference; lastKnownFileType = image.png; path = default_restaurant.png; sourceTree = "<group>"; };
		8F3E3CFB230BABDF00D9BC1C /* UIImageViewExtension.swift */ = {isa = PBXFileReference; lastKnownFileType = sourcecode.swift; path = UIImageViewExtension.swift; sourceTree = "<group>"; };
		8F3E3CFD230BB3A600D9BC1C /* icon_settings_32_black.png */ = {isa = PBXFileReference; lastKnownFileType = image.png; path = icon_settings_32_black.png; sourceTree = "<group>"; };
		8F3E3CFF230BD11300D9BC1C /* icon_orders.png */ = {isa = PBXFileReference; lastKnownFileType = image.png; path = icon_orders.png; sourceTree = "<group>"; };
		8F3E3D00230BD11500D9BC1C /* icon_logout.png */ = {isa = PBXFileReference; lastKnownFileType = image.png; path = icon_logout.png; sourceTree = "<group>"; };
		8F3E3D01230BD11700D9BC1C /* icon_user.png */ = {isa = PBXFileReference; lastKnownFileType = image.png; path = icon_user.png; sourceTree = "<group>"; };
		8F3E3D02230BD11800D9BC1C /* icon_booking.png */ = {isa = PBXFileReference; lastKnownFileType = image.png; path = icon_booking.png; sourceTree = "<group>"; };
		8F3E3D07230BD17500D9BC1C /* icon_moments.png */ = {isa = PBXFileReference; lastKnownFileType = image.png; path = icon_moments.png; sourceTree = "<group>"; };
		8F3E3D08230BD17500D9BC1C /* icon_restaurants.png */ = {isa = PBXFileReference; lastKnownFileType = image.png; path = icon_restaurants.png; sourceTree = "<group>"; };
		8F3E3D0C230BDA9000D9BC1C /* UserMenuNavigationController.swift */ = {isa = PBXFileReference; lastKnownFileType = sourcecode.swift; path = UserMenuNavigationController.swift; sourceTree = "<group>"; };
		8F3E3D0E230C5F6800D9BC1C /* UserViewController.swift */ = {isa = PBXFileReference; lastKnownFileType = sourcecode.swift; path = UserViewController.swift; sourceTree = "<group>"; };
		8F3EA428230F2C7A00508E67 /* EditUserCollectionViewController.swift */ = {isa = PBXFileReference; lastKnownFileType = sourcecode.swift; path = EditUserCollectionViewController.swift; sourceTree = "<group>"; };
		8F43F3CD22F798E200545AC2 /* Requests.swift */ = {isa = PBXFileReference; lastKnownFileType = sourcecode.swift; path = Requests.swift; sourceTree = "<group>"; };
		8F43F3CF22F79DC900545AC2 /* Media.swift */ = {isa = PBXFileReference; lastKnownFileType = sourcecode.swift; path = Media.swift; sourceTree = "<group>"; };
		8F43F3D122F87E2200545AC2 /* Podfile */ = {isa = PBXFileReference; lastKnownFileType = text; path = Podfile; sourceTree = "<group>"; xcLanguageSpecificationIdentifier = xcode.lang.ruby; };
		8F49C0F822F2F7F60084F3E7 /* UIViewControllerExtension.swift */ = {isa = PBXFileReference; lastKnownFileType = sourcecode.swift; path = UIViewControllerExtension.swift; sourceTree = "<group>"; };
		8F49C0FE22F383390084F3E7 /* icon_check_50_white.png */ = {isa = PBXFileReference; lastKnownFileType = image.png; path = icon_check_50_white.png; sourceTree = "<group>"; };
		8F49C10122F385CB0084F3E7 /* ServerResponse.swift */ = {isa = PBXFileReference; lastKnownFileType = sourcecode.swift; path = ServerResponse.swift; sourceTree = "<group>"; };
		8F49C10322F491E60084F3E7 /* Branch.swift */ = {isa = PBXFileReference; lastKnownFileType = sourcecode.swift; path = Branch.swift; sourceTree = "<group>"; };
		8F49C10722F494C50084F3E7 /* MenuPromotion.swift */ = {isa = PBXFileReference; lastKnownFileType = sourcecode.swift; path = MenuPromotion.swift; sourceTree = "<group>"; };
		8F49C10922F496270084F3E7 /* Restaurant.swift */ = {isa = PBXFileReference; lastKnownFileType = sourcecode.swift; path = Restaurant.swift; sourceTree = "<group>"; };
		8F49C10B22F497D80084F3E7 /* RestaurantMenu.swift */ = {isa = PBXFileReference; lastKnownFileType = sourcecode.swift; path = RestaurantMenu.swift; sourceTree = "<group>"; };
		8F49C10D22F49ABA0084F3E7 /* User.swift */ = {isa = PBXFileReference; lastKnownFileType = sourcecode.swift; path = User.swift; sourceTree = "<group>"; };
		8F49C10F22F4A7460084F3E7 /* SignUpViewController.swift */ = {isa = PBXFileReference; lastKnownFileType = sourcecode.swift; path = SignUpViewController.swift; sourceTree = "<group>"; };
		8F4C1AFA24E9153D002BEF50 /* DetailsShimmerView.swift */ = {isa = PBXFileReference; lastKnownFileType = sourcecode.swift; path = DetailsShimmerView.swift; sourceTree = "<group>"; };
		8F4C1AFF24E926AA002BEF50 /* CuisineViewController.swift */ = {isa = PBXFileReference; lastKnownFileType = sourcecode.swift; path = CuisineViewController.swift; sourceTree = "<group>"; };
		8F4C1B0124E926FA002BEF50 /* CuisineRestaurantsViewController.swift */ = {isa = PBXFileReference; lastKnownFileType = sourcecode.swift; path = CuisineRestaurantsViewController.swift; sourceTree = "<group>"; };
		8F4C1B0324E9271B002BEF50 /* CuisineMenusViewController.swift */ = {isa = PBXFileReference; lastKnownFileType = sourcecode.swift; path = CuisineMenusViewController.swift; sourceTree = "<group>"; };
		8F4C1B0524E97B6E002BEF50 /* CuisineRestaurantViewCell.swift */ = {isa = PBXFileReference; lastKnownFileType = sourcecode.swift; path = CuisineRestaurantViewCell.swift; sourceTree = "<group>"; };
		8F55441B232C0A32001BCBE2 /* CosmosView.swift */ = {isa = PBXFileReference; lastKnownFileType = sourcecode.swift; path = CosmosView.swift; sourceTree = "<group>"; };
		8F68B03122F583E500A3AB3B /* PrimaryButton.swift */ = {isa = PBXFileReference; lastKnownFileType = sourcecode.swift; path = PrimaryButton.swift; sourceTree = "<group>"; };
		8F79B4B922F4C9D3000FBBB1 /* LeftToRightSegue.swift */ = {isa = PBXFileReference; lastKnownFileType = sourcecode.swift; path = LeftToRightSegue.swift; sourceTree = "<group>"; };
		8F79B4BD22F558EC000FBBB1 /* icon_unwind_25_primary.png */ = {isa = PBXFileReference; lastKnownFileType = image.png; path = icon_unwind_25_primary.png; sourceTree = "<group>"; };
		8F88EE7722F2B320000C4ED2 /* Constatnts.swift */ = {isa = PBXFileReference; lastKnownFileType = sourcecode.swift; path = Constatnts.swift; sourceTree = "<group>"; };
		8F88EE7922F2B737000C4ED2 /* UIViewExtension.swift */ = {isa = PBXFileReference; lastKnownFileType = sourcecode.swift; path = UIViewExtension.swift; sourceTree = "<group>"; };
		8FA0334024E2603600B0D680 /* CarouselView.swift */ = {isa = PBXFileReference; fileEncoding = 4; lastKnownFileType = sourcecode.swift; path = CarouselView.swift; sourceTree = "<group>"; };
		8FA0334324E2658800B0D680 /* CuisineViewCell.swift */ = {isa = PBXFileReference; lastKnownFileType = sourcecode.swift; path = CuisineViewCell.swift; sourceTree = "<group>"; };
		8FA0334524E279D500B0D680 /* LocalData.swift */ = {isa = PBXFileReference; lastKnownFileType = sourcecode.swift; path = LocalData.swift; sourceTree = "<group>"; };
		8FA0334824E2AF4900B0D680 /* RowShimmerView.swift */ = {isa = PBXFileReference; lastKnownFileType = sourcecode.swift; path = RowShimmerView.swift; sourceTree = "<group>"; };
		8FA0334C24E4217C00B0D680 /* RestaurantFilters.swift */ = {isa = PBXFileReference; lastKnownFileType = sourcecode.swift; path = RestaurantFilters.swift; sourceTree = "<group>"; };
		8FA5716924DEFBCE00C8034D /* Bill.swift */ = {isa = PBXFileReference; lastKnownFileType = sourcecode.swift; path = Bill.swift; sourceTree = "<group>"; };
		8FA5716B24DEFE3C00C8034D /* Booking.swift */ = {isa = PBXFileReference; lastKnownFileType = sourcecode.swift; path = Booking.swift; sourceTree = "<group>"; };
		8FA5716D24DEFF9500C8034D /* Placement.swift */ = {isa = PBXFileReference; lastKnownFileType = sourcecode.swift; path = Placement.swift; sourceTree = "<group>"; };
		8FA5716F24DF002F00C8034D /* Administrator.swift */ = {isa = PBXFileReference; lastKnownFileType = sourcecode.swift; path = Administrator.swift; sourceTree = "<group>"; };
		8FA5717124DF024D00C8034D /* SearchResult.swift */ = {isa = PBXFileReference; lastKnownFileType = sourcecode.swift; path = SearchResult.swift; sourceTree = "<group>"; };
		8FA5717324DF02EF00C8034D /* SocketResponseMessage.swift */ = {isa = PBXFileReference; lastKnownFileType = sourcecode.swift; path = SocketResponseMessage.swift; sourceTree = "<group>"; };
		8FA5717524E0630C00C8034D /* RestaurantSpecificationsViewController.swift */ = {isa = PBXFileReference; lastKnownFileType = sourcecode.swift; path = RestaurantSpecificationsViewController.swift; sourceTree = "<group>"; };
		8FAA270722F8965300B0B05B /* InputTextField.swift */ = {isa = PBXFileReference; lastKnownFileType = sourcecode.swift; path = InputTextField.swift; sourceTree = "<group>"; };
		8FB57B9C2378633D00732D5A /* MenuDetailsViewCell.swift */ = {isa = PBXFileReference; lastKnownFileType = sourcecode.swift; path = MenuDetailsViewCell.swift; sourceTree = "<group>"; };
		8FB57B9E2378671C00732D5A /* MenuReviewViewCell.swift */ = {isa = PBXFileReference; lastKnownFileType = sourcecode.swift; path = MenuReviewViewCell.swift; sourceTree = "<group>"; };
		8FB57BA02379351100732D5A /* MenuDishFoodViewCell.swift */ = {isa = PBXFileReference; lastKnownFileType = sourcecode.swift; path = MenuDishFoodViewCell.swift; sourceTree = "<group>"; };
		8FB57BA2237AA21700732D5A /* MenuPromotionViewCell.swift */ = {isa = PBXFileReference; lastKnownFileType = sourcecode.swift; path = MenuPromotionViewCell.swift; sourceTree = "<group>"; };
		8FB57BA4237BF3BB00732D5A /* ReviewsPercentsView.swift */ = {isa = PBXFileReference; lastKnownFileType = sourcecode.swift; path = ReviewsPercentsView.swift; sourceTree = "<group>"; };
		8FB57BA6237BF44200732D5A /* BarChartEntry.swift */ = {isa = PBXFileReference; lastKnownFileType = sourcecode.swift; path = BarChartEntry.swift; sourceTree = "<group>"; };
		8FB57BA8237EE58100732D5A /* RestaurantMenuReviewsViewController.swift */ = {isa = PBXFileReference; lastKnownFileType = sourcecode.swift; path = RestaurantMenuReviewsViewController.swift; sourceTree = "<group>"; };
		8FB7B0152329092C002B1F60 /* UserControlView.swift */ = {isa = PBXFileReference; lastKnownFileType = sourcecode.swift; path = UserControlView.swift; sourceTree = "<group>"; };
		8FB7B01723294FA7002B1F60 /* TouchRespondScrollView.swift */ = {isa = PBXFileReference; lastKnownFileType = sourcecode.swift; path = TouchRespondScrollView.swift; sourceTree = "<group>"; };
		8FB7B2092389034B00245012 /* EditMenuReviewViewController.swift */ = {isa = PBXFileReference; lastKnownFileType = sourcecode.swift; path = EditMenuReviewViewController.swift; sourceTree = "<group>"; };
		8FB7B20B23A8A03C00245012 /* PromotionMenuViewController.swift */ = {isa = PBXFileReference; lastKnownFileType = sourcecode.swift; path = PromotionMenuViewController.swift; sourceTree = "<group>"; };
		8FC6088522FA2EE5005D142B /* Toast.swift */ = {isa = PBXFileReference; lastKnownFileType = sourcecode.swift; path = Toast.swift; sourceTree = "<group>"; };
		8FC6088722FBD361005D142B /* Functions.swift */ = {isa = PBXFileReference; lastKnownFileType = sourcecode.swift; path = Functions.swift; sourceTree = "<group>"; };
		8FC6089122FCA7D3005D142B /* UITabBarViewControllerExtension.swift */ = {isa = PBXFileReference; lastKnownFileType = sourcecode.swift; path = UITabBarViewControllerExtension.swift; sourceTree = "<group>"; };
		8FC608932309BEB2005D142B /* References */ = {isa = PBXFileReference; lastKnownFileType = text; path = References; sourceTree = "<group>"; };
		8FDDF97523716A97000AA334 /* ImageTextView.swift */ = {isa = PBXFileReference; lastKnownFileType = sourcecode.swift; path = ImageTextView.swift; sourceTree = "<group>"; };
		8FDDF97723729C07000AA334 /* VerticalTopAlignLabel.swift */ = {isa = PBXFileReference; lastKnownFileType = sourcecode.swift; path = VerticalTopAlignLabel.swift; sourceTree = "<group>"; };
		8FDDF9792372A737000AA334 /* RestaurantMenuViewController.swift */ = {isa = PBXFileReference; lastKnownFileType = sourcecode.swift; path = RestaurantMenuViewController.swift; sourceTree = "<group>"; };
		8FDDF97B23741608000AA334 /* StringExtension.swift */ = {isa = PBXFileReference; lastKnownFileType = sourcecode.swift; path = StringExtension.swift; sourceTree = "<group>"; };
		8FEB1D98232B66B10024FF04 /* RestaurantViewCell.swift */ = {isa = PBXFileReference; lastKnownFileType = sourcecode.swift; path = RestaurantViewCell.swift; sourceTree = "<group>"; };
		8FF1687424E6FB0B00DD13A2 /* RestaurantFiltersViewController.swift */ = {isa = PBXFileReference; lastKnownFileType = sourcecode.swift; path = RestaurantFiltersViewController.swift; sourceTree = "<group>"; };
		B3574E3CEF3D845DD3605E35 /* Pods-ting.release.xcconfig */ = {isa = PBXFileReference; includeInIndex = 1; lastKnownFileType = text.xcconfig; name = "Pods-ting.release.xcconfig"; path = "Target Support Files/Pods-ting/Pods-ting.release.xcconfig"; sourceTree = "<group>"; };
		B76E861E707C1B41EA38E562 /* Pods-ting.debug.xcconfig */ = {isa = PBXFileReference; includeInIndex = 1; lastKnownFileType = text.xcconfig; name = "Pods-ting.debug.xcconfig"; path = "Target Support Files/Pods-ting/Pods-ting.debug.xcconfig"; sourceTree = "<group>"; };
		F4863839C5BE4B747F8CCDFF /* Pods_ting.framework */ = {isa = PBXFileReference; explicitFileType = wrapper.framework; includeInIndex = 0; path = Pods_ting.framework; sourceTree = BUILT_PRODUCTS_DIR; };
/* End PBXFileReference section */

/* Begin PBXFrameworksBuildPhase section */
		8F2F8B0422F0BC2200FF5B59 /* Frameworks */ = {
			isa = PBXFrameworksBuildPhase;
			buildActionMask = 2147483647;
			files = (
				1EA1169CA9C5C516138DB602 /* Pods_ting.framework in Frameworks */,
			);
			runOnlyForDeploymentPostprocessing = 0;
		};
/* End PBXFrameworksBuildPhase section */

/* Begin PBXGroup section */
		32B7745E560901E28E1B6134 /* Frameworks */ = {
			isa = PBXGroup;
			children = (
				F4863839C5BE4B747F8CCDFF /* Pods_ting.framework */,
			);
			name = Frameworks;
			sourceTree = "<group>";
		};
		8F157C6123A8ACEA008C88E2 /* promotion */ = {
			isa = PBXGroup;
			children = (
				8F157C6223A8B146008C88E2 /* PromotionMenuDetailsViewCell.swift */,
				8F157C6423A8FCCF008C88E2 /* PromotedMenuViewCell.swift */,
			);
			path = promotion;
			sourceTree = "<group>";
		};
		8F1F112922FA29E600CA4DD9 /* storyboards */ = {
			isa = PBXGroup;
			children = (
				8F2F8B0E22F0BC2200FF5B59 /* Main.storyboard */,
				8F2F8B1322F0BC2300FF5B59 /* LaunchScreen.storyboard */,
				8F30B20A22F9B729000B66B7 /* Home.storyboard */,
			);
			path = storyboards;
			sourceTree = "<group>";
		};
		8F2F0514233534E500517F36 /* restaurant */ = {
			isa = PBXGroup;
			children = (
				8F157C6E23AA214E008C88E2 /* RestaurantTabViewController.swift */,
				8F2F05152335352F00517F36 /* RestaurantViewController.swift */,
				8F157C7023AA232B008C88E2 /* RestaurantPromosViewController.swift */,
				8F157C7223AA2347008C88E2 /* RestaurantFoodsViewController.swift */,
				8F157C7423AA2362008C88E2 /* RestaurantDrinksViewController.swift */,
				8F157C7623AA237B008C88E2 /* RestaurantDishesViewController.swift */,
				8F157C7E23B372D3008C88E2 /* RestaurantReviewsController.swift */,
				8F157C8023B37318008C88E2 /* RestaurantLikesController.swift */,
				8F157C8223B37356008C88E2 /* RestaurantAboutController.swift */,
				8F157C8623B4B0E7008C88E2 /* EditRestaurantReviewController.swift */,
				8FA5717524E0630C00C8034D /* RestaurantSpecificationsViewController.swift */,
			);
			path = restaurant;
			sourceTree = "<group>";
		};
		8F2F8AFE22F0BC2200FF5B59 = {
			isa = PBXGroup;
			children = (
				8F43F3D122F87E2200545AC2 /* Podfile */,
				8F2F8B0922F0BC2200FF5B59 /* ting */,
				8F2F8B0822F0BC2200FF5B59 /* Products */,
				D286F9B8A77C5C979F674E4F /* Pods */,
				32B7745E560901E28E1B6134 /* Frameworks */,
			);
			sourceTree = "<group>";
		};
		8F2F8B0822F0BC2200FF5B59 /* Products */ = {
			isa = PBXGroup;
			children = (
				8F2F8B0722F0BC2200FF5B59 /* Ting.app */,
			);
			name = Products;
			sourceTree = "<group>";
		};
		8F2F8B0922F0BC2200FF5B59 /* ting */ = {
			isa = PBXGroup;
			children = (
				8F30B20722F9B5D9000B66B7 /* providers */,
				8F30B20C22F9B81C000B66B7 /* controllers */,
				8FEB1D95232B660E0024FF04 /* views */,
				8F1F112922FA29E600CA4DD9 /* storyboards */,
				8F79B4B822F4C93A000FBBB1 /* segues */,
				8F49C10022F385B10084F3E7 /* modals */,
				8F49C0FD22F382F90084F3E7 /* icons */,
				8F49C0FC22F372650084F3E7 /* utils */,
				8F49C0FB22F372540084F3E7 /* custom */,
				8F49C0FA22F3723A0084F3E7 /* extensions */,
				8F38600E22F1D21E00479072 /* fonts */,
				8F2F8B0A22F0BC2200FF5B59 /* AppDelegate.swift */,
				8F2F8B1122F0BC2300FF5B59 /* Assets.xcassets */,
				8F2F8B1622F0BC2300FF5B59 /* Info.plist */,
			);
			path = ting;
			sourceTree = "<group>";
		};
		8F30B20722F9B5D9000B66B7 /* providers */ = {
			isa = PBXGroup;
			children = (
				8F30B20822F9B603000B66B7 /* UserAuthentication.swift */,
				8F11988A232F5E3F00DA8C7D /* APIDataProvider.swift */,
				8FA0334524E279D500B0D680 /* LocalData.swift */,
			);
			path = providers;
			sourceTree = "<group>";
		};
		8F30B20C22F9B81C000B66B7 /* controllers */ = {
			isa = PBXGroup;
			children = (
				8F4C1AFC24E922BD002BEF50 /* cuisine */,
				8FF1687324E6FADB00DD13A2 /* others */,
				8FB7B20D23A8A04C00245012 /* promotion */,
				8F36E7272336484C0028ECE6 /* menu */,
				8F2F0514233534E500517F36 /* restaurant */,
				8FEB1D9A232B67760024FF04 /* main */,
				8F3E3D0B230BDA2B00D9BC1C /* user */,
				8F3309DC22F9E8F200437767 /* home */,
			);
			path = controllers;
			sourceTree = "<group>";
		};
		8F3309DC22F9E8F200437767 /* home */ = {
			isa = PBXGroup;
			children = (
				8F3309D622F9E8B400437767 /* HomeDiscoverViewController.swift */,
				8F3309D822F9E8D100437767 /* HomeRestaurantsViewController.swift */,
				8F3309DA22F9E8E900437767 /* HomeMomentsViewController.swift */,
				8F3E3CF3230B903500D9BC1C /* HomeMenuViewController.swift */,
			);
			path = home;
			sourceTree = "<group>";
		};
		8F36E7272336484C0028ECE6 /* menu */ = {
			isa = PBXGroup;
			children = (
				8F36E728233648D70028ECE6 /* BottomSheetMenuControllerView.swift */,
				8FDDF9792372A737000AA334 /* RestaurantMenuViewController.swift */,
				8FB57BA8237EE58100732D5A /* RestaurantMenuReviewsViewController.swift */,
				8FB7B2092389034B00245012 /* EditMenuReviewViewController.swift */,
			);
			path = menu;
			sourceTree = "<group>";
		};
		8F38600E22F1D21E00479072 /* fonts */ = {
			isa = PBXGroup;
			children = (
				8F38601422F1D21E00479072 /* Poppins_Black.ttf */,
				8F38601722F1D21E00479072 /* Poppins_Bold.ttf */,
				8F38600F22F1D21E00479072 /* Poppins_Extra_Bold.ttf */,
				8F38601622F1D21E00479072 /* Poppins_Extra_Light.ttf */,
				8F38601022F1D21E00479072 /* Poppins_Light.ttf */,
				8F38601322F1D21E00479072 /* Poppins_Medium.ttf */,
				8F38601522F1D21E00479072 /* Poppins_Regular.ttf */,
				8F38601122F1D21E00479072 /* Poppins_Semi_bold.ttf */,
				8F38601222F1D21E00479072 /* Poppins_Thin.ttf */,
			);
			path = fonts;
			sourceTree = "<group>";
		};
		8F3E3D0B230BDA2B00D9BC1C /* user */ = {
			isa = PBXGroup;
			children = (
				8F3E3D0C230BDA9000D9BC1C /* UserMenuNavigationController.swift */,
				8F3E3D0E230C5F6800D9BC1C /* UserViewController.swift */,
				8F3EA428230F2C7A00508E67 /* EditUserCollectionViewController.swift */,
			);
			path = user;
			sourceTree = "<group>";
		};
		8F49C0FA22F3723A0084F3E7 /* extensions */ = {
			isa = PBXGroup;
			children = (
				8F88EE7922F2B737000C4ED2 /* UIViewExtension.swift */,
				8F49C0F822F2F7F60084F3E7 /* UIViewControllerExtension.swift */,
				8FC6089122FCA7D3005D142B /* UITabBarViewControllerExtension.swift */,
				8F3E3CFB230BABDF00D9BC1C /* UIImageViewExtension.swift */,
				8F0D3576232A10A500B39825 /* CGRectExtension.swift */,
				8F1094FF2330060700A7519B /* DateExtension.swift */,
				8F1095012330C83300A7519B /* DoubleExtension.swift */,
				8F1D75E82331F801000B25C9 /* UIApplicationExtension.swift */,
				8F14F137233285D300844B63 /* UIDeviceExtension.swift */,
				8FDDF97B23741608000AA334 /* StringExtension.swift */,
			);
			path = extensions;
			sourceTree = "<group>";
		};
		8F49C0FB22F372540084F3E7 /* custom */ = {
			isa = PBXGroup;
			children = (
				8F38602122F1D21E00479072 /* PaddedTextField.swift */,
				8F68B03122F583E500A3AB3B /* PrimaryButton.swift */,
				8FAA270722F8965300B0B05B /* InputTextField.swift */,
				8FC6088522FA2EE5005D142B /* Toast.swift */,
				8F3E3CF5230B981C00D9BC1C /* CircularImageView.swift */,
				8F07FFCC23128B2D00D0ACD5 /* TitleTextLabel.swift */,
				8F07FFCE2312AA8F00D0ACD5 /* CustomViews.swift */,
				8F07FFD02312F14100D0ACD5 /* Spinner.swift */,
				8F07FFD6231467AF00D0ACD5 /* SecondaryButton.swift */,
				8F0D814223153480003138B6 /* CustomMapMarker.swift */,
				8F0D814523155C0C003138B6 /* TriangleView.swift */,
				8FB7B01723294FA7002B1F60 /* TouchRespondScrollView.swift */,
				8F55441B232C0A32001BCBE2 /* CosmosView.swift */,
				8F0FB940232D3796003DAA86 /* IconTextView.swift */,
				8F12248E23312351000C20EF /* FloatingButton.swift */,
				8F13CAF32334EF3000E3D03D /* RestaurantMapInfoWindowView.swift */,
				8F13CAF52334FDB300E3D03D /* InlineIconTextView.swift */,
				8FDDF97523716A97000AA334 /* ImageTextView.swift */,
				8FDDF97723729C07000AA334 /* VerticalTopAlignLabel.swift */,
				8FB57BA4237BF3BB00732D5A /* ReviewsPercentsView.swift */,
				8F157C7C23B1D110008C88E2 /* MenuItemView.swift */,
				8FA0334024E2603600B0D680 /* CarouselView.swift */,
			);
			path = custom;
			sourceTree = "<group>";
		};
		8F49C0FC22F372650084F3E7 /* utils */ = {
			isa = PBXGroup;
			children = (
				8F88EE7722F2B320000C4ED2 /* Constatnts.swift */,
				8F43F3CD22F798E200545AC2 /* Requests.swift */,
				8FC6088722FBD361005D142B /* Functions.swift */,
				8FC608932309BEB2005D142B /* References */,
			);
			path = utils;
			sourceTree = "<group>";
		};
		8F49C0FD22F382F90084F3E7 /* icons */ = {
			isa = PBXGroup;
			children = (
				8F056684230DECF400225A95 /* icon_edit_25_white.png */,
				8F05667E230DBD8700225A95 /* icon_unwind_25_white.png */,
				8F3E3D02230BD11800D9BC1C /* icon_booking.png */,
				8F3E3CFF230BD11300D9BC1C /* icon_orders.png */,
				8F3E3D07230BD17500D9BC1C /* icon_moments.png */,
				8F3E3D08230BD17500D9BC1C /* icon_restaurants.png */,
				8F3E3D00230BD11500D9BC1C /* icon_logout.png */,
				8F3E3D01230BD11700D9BC1C /* icon_user.png */,
				8F3E3CFD230BB3A600D9BC1C /* icon_settings_32_black.png */,
				8F3E3CF7230BA53200D9BC1C /* default_user.jpg */,
				8F3E3CF8230BA53300D9BC1C /* default_restaurant.png */,
				8F49C0FE22F383390084F3E7 /* icon_check_50_white.png */,
				8F79B4BD22F558EC000FBBB1 /* icon_unwind_25_primary.png */,
			);
			path = icons;
			sourceTree = "<group>";
		};
		8F49C10022F385B10084F3E7 /* modals */ = {
			isa = PBXGroup;
			children = (
				8FB57BA6237BF44200732D5A /* BarChartEntry.swift */,
				8FA5716924DEFBCE00C8034D /* Bill.swift */,
				8FA5716B24DEFE3C00C8034D /* Booking.swift */,
				8F49C10322F491E60084F3E7 /* Branch.swift */,
				8F43F3CF22F79DC900545AC2 /* Media.swift */,
				8F49C10722F494C50084F3E7 /* MenuPromotion.swift */,
				8FA5716D24DEFF9500C8034D /* Placement.swift */,
				8F36E72C2336881A0028ECE6 /* PolylineMapRoute.swift */,
				8F49C10922F496270084F3E7 /* Restaurant.swift */,
				8F49C10B22F497D80084F3E7 /* RestaurantMenu.swift */,
				8F49C10122F385CB0084F3E7 /* ServerResponse.swift */,
				8F49C10D22F49ABA0084F3E7 /* User.swift */,
				8FA5716F24DF002F00C8034D /* Administrator.swift */,
				8FA5717124DF024D00C8034D /* SearchResult.swift */,
				8FA5717324DF02EF00C8034D /* SocketResponseMessage.swift */,
				8FA0334C24E4217C00B0D680 /* RestaurantFilters.swift */,
			);
			path = modals;
			sourceTree = "<group>";
		};
		8F4C1AFC24E922BD002BEF50 /* cuisine */ = {
			isa = PBXGroup;
			children = (
				8F4C1AFF24E926AA002BEF50 /* CuisineViewController.swift */,
				8F4C1B0124E926FA002BEF50 /* CuisineRestaurantsViewController.swift */,
				8F4C1B0324E9271B002BEF50 /* CuisineMenusViewController.swift */,
			);
			path = cuisine;
			sourceTree = "<group>";
		};
		8F79B4B822F4C93A000FBBB1 /* segues */ = {
			isa = PBXGroup;
			children = (
				8F79B4B922F4C9D3000FBBB1 /* LeftToRightSegue.swift */,
			);
			path = segues;
			sourceTree = "<group>";
		};
		8FA0334224E2655800B0D680 /* cuisine */ = {
			isa = PBXGroup;
			children = (
				8FA0334324E2658800B0D680 /* CuisineViewCell.swift */,
				8F4C1B0524E97B6E002BEF50 /* CuisineRestaurantViewCell.swift */,
			);
			path = cuisine;
			sourceTree = "<group>";
		};
		8FA0334724E2AF2A00B0D680 /* utils */ = {
			isa = PBXGroup;
			children = (
				8FA0334824E2AF4900B0D680 /* RowShimmerView.swift */,
				8F4C1AFA24E9153D002BEF50 /* DetailsShimmerView.swift */,
			);
			path = utils;
			sourceTree = "<group>";
		};
		8FB57B9B237862F300732D5A /* menu */ = {
			isa = PBXGroup;
			children = (
				8FB57B9C2378633D00732D5A /* MenuDetailsViewCell.swift */,
				8FB57B9E2378671C00732D5A /* MenuReviewViewCell.swift */,
				8FB57BA02379351100732D5A /* MenuDishFoodViewCell.swift */,
				8FB57BA2237AA21700732D5A /* MenuPromotionViewCell.swift */,
			);
			path = menu;
			sourceTree = "<group>";
		};
		8FB7B20D23A8A04C00245012 /* promotion */ = {
			isa = PBXGroup;
			children = (
				8FB7B20B23A8A03C00245012 /* PromotionMenuViewController.swift */,
			);
			path = promotion;
			sourceTree = "<group>";
		};
		8FEB1D95232B660E0024FF04 /* views */ = {
			isa = PBXGroup;
			children = (
				8FA0334724E2AF2A00B0D680 /* utils */,
				8FA0334224E2655800B0D680 /* cuisine */,
				8F157C6123A8ACEA008C88E2 /* promotion */,
				8FB57B9B237862F300732D5A /* menu */,
				8FEB1D97232B66520024FF04 /* restaurant */,
				8FEB1D96232B664C0024FF04 /* user */,
			);
			path = views;
			sourceTree = "<group>";
		};
		8FEB1D96232B664C0024FF04 /* user */ = {
			isa = PBXGroup;
			children = (
				8F056686230E8AF700225A95 /* UserTabLayoutView.swift */,
				8F07FFCA2312828300D0ACD5 /* EditUserCollectionViewCell.swift */,
				8F07FFD42313BDDC00D0ACD5 /* UserAddressesView.swift */,
				8FB7B0152329092C002B1F60 /* UserControlView.swift */,
				8F157C6823A9F806008C88E2 /* UserHeaderViewCell.swift */,
				8F157C6A23A9F873008C88E2 /* UserTabContentViewCell.swift */,
			);
			path = user;
			sourceTree = "<group>";
		};
		8FEB1D97232B66520024FF04 /* restaurant */ = {
			isa = PBXGroup;
			children = (
				8FEB1D98232B66B10024FF04 /* RestaurantViewCell.swift */,
				8F1D75E62331D507000B25C9 /* RestaurantMapView.swift */,
				8F157C6623A9F6B0008C88E2 /* RestaurantHeaderViewCell.swift */,
				8F157C7823AB6D1F008C88E2 /* RestaurantPromotionViewCell.swift */,
				8F157C7A23ADFB55008C88E2 /* RestaurantMenuViewCell.swift */,
				8F157C8423B3B5D1008C88E2 /* RestaurantReviewCell.swift */,
				8F157C8823B52154008C88E2 /* RestaurantLikeViewCell.swift */,
				8F37674224EBA38800E80E98 /* RecommandedRestaurantViewCell.swift */,
			);
			path = restaurant;
			sourceTree = "<group>";
		};
		8FEB1D9A232B67760024FF04 /* main */ = {
			isa = PBXGroup;
			children = (
				8F2F8B0C22F0BC2200FF5B59 /* LoginViewController.swift */,
				8F49C10F22F4A7460084F3E7 /* SignUpViewController.swift */,
				8F30B20D22F9B8E2000B66B7 /* HomeViewController.swift */,
				8F3309DD22F9EBB700437767 /* LaunchScreenViewController.swift */,
				8F1F112522FA23CC00CA4DD9 /* ResetPasswordViewController.swift */,
			);
			path = main;
			sourceTree = "<group>";
		};
		8FF1687324E6FADB00DD13A2 /* others */ = {
			isa = PBXGroup;
			children = (
				8FF1687424E6FB0B00DD13A2 /* RestaurantFiltersViewController.swift */,
			);
			path = others;
			sourceTree = "<group>";
		};
		D286F9B8A77C5C979F674E4F /* Pods */ = {
			isa = PBXGroup;
			children = (
				B76E861E707C1B41EA38E562 /* Pods-ting.debug.xcconfig */,
				B3574E3CEF3D845DD3605E35 /* Pods-ting.release.xcconfig */,
			);
			path = Pods;
			sourceTree = "<group>";
		};
/* End PBXGroup section */

/* Begin PBXNativeTarget section */
		8F2F8B0622F0BC2200FF5B59 /* ting */ = {
			isa = PBXNativeTarget;
			buildConfigurationList = 8F2F8B1922F0BC2300FF5B59 /* Build configuration list for PBXNativeTarget "ting" */;
			buildPhases = (
				B7F8EFAF29F58B66622C1B8E /* [CP] Check Pods Manifest.lock */,
				8F2F8B0322F0BC2200FF5B59 /* Sources */,
				8F2F8B0422F0BC2200FF5B59 /* Frameworks */,
				8F2F8B0522F0BC2200FF5B59 /* Resources */,
				C12E1165918757A5C3C0F50B /* [CP] Copy Pods Resources */,
				AD5F803E44E77BF57FD028ED /* [CP] Embed Pods Frameworks */,
			);
			buildRules = (
			);
			dependencies = (
			);
			name = ting;
			productName = ting;
			productReference = 8F2F8B0722F0BC2200FF5B59 /* Ting.app */;
			productType = "com.apple.product-type.application";
		};
/* End PBXNativeTarget section */

/* Begin PBXProject section */
		8F2F8AFF22F0BC2200FF5B59 /* Project object */ = {
			isa = PBXProject;
			attributes = {
				LastSwiftUpdateCheck = 1010;
				LastUpgradeCheck = 1010;
				ORGANIZATIONNAME = "Ir Christian Scott";
				TargetAttributes = {
					8F2F8B0622F0BC2200FF5B59 = {
						CreatedOnToolsVersion = 10.1;
					};
				};
			};
			buildConfigurationList = 8F2F8B0222F0BC2200FF5B59 /* Build configuration list for PBXProject "ting" */;
			compatibilityVersion = "Xcode 9.3";
			developmentRegion = en;
			hasScannedForEncodings = 0;
			knownRegions = (
				en,
				Base,
			);
			mainGroup = 8F2F8AFE22F0BC2200FF5B59;
			productRefGroup = 8F2F8B0822F0BC2200FF5B59 /* Products */;
			projectDirPath = "";
			projectRoot = "";
			targets = (
				8F2F8B0622F0BC2200FF5B59 /* ting */,
			);
		};
/* End PBXProject section */

/* Begin PBXResourcesBuildPhase section */
		8F2F8B0522F0BC2200FF5B59 /* Resources */ = {
			isa = PBXResourcesBuildPhase;
			buildActionMask = 2147483647;
			files = (
				8F3E3CFE230BB3A700D9BC1C /* icon_settings_32_black.png in Resources */,
				8F3E3D06230BD11A00D9BC1C /* icon_booking.png in Resources */,
				8F3E3D0A230BD17600D9BC1C /* icon_restaurants.png in Resources */,
				8F43F3D222F87E2200545AC2 /* Podfile in Resources */,
				8F05667F230DBD8900225A95 /* icon_unwind_25_white.png in Resources */,
				8F3E3D03230BD11A00D9BC1C /* icon_orders.png in Resources */,
				8F3E3D04230BD11A00D9BC1C /* icon_logout.png in Resources */,
				8F38601D22F1D21E00479072 /* Poppins_Black.ttf in Resources */,
				8FC608942309BEB2005D142B /* References in Resources */,
				8F056685230DECF400225A95 /* icon_edit_25_white.png in Resources */,
				8F38601E22F1D21E00479072 /* Poppins_Regular.ttf in Resources */,
				8F49C0FF22F383390084F3E7 /* icon_check_50_white.png in Resources */,
				8F3E3CF9230BA53300D9BC1C /* default_user.jpg in Resources */,
				8F3E3D05230BD11A00D9BC1C /* icon_user.png in Resources */,
				8F2F8B1C22F0BE8F00FF5B59 /* Main.storyboard in Resources */,
				8F3E3CFA230BA53300D9BC1C /* default_restaurant.png in Resources */,
				8F38601F22F1D21E00479072 /* Poppins_Extra_Light.ttf in Resources */,
				8F2F8B1522F0BC2300FF5B59 /* LaunchScreen.storyboard in Resources */,
				8F38602022F1D21E00479072 /* Poppins_Bold.ttf in Resources */,
				8F38601922F1D21E00479072 /* Poppins_Light.ttf in Resources */,
				8F38601822F1D21E00479072 /* Poppins_Extra_Bold.ttf in Resources */,
				8F2F8B1222F0BC2300FF5B59 /* Assets.xcassets in Resources */,
				8F3E3D09230BD17600D9BC1C /* icon_moments.png in Resources */,
				8F38601B22F1D21E00479072 /* Poppins_Thin.ttf in Resources */,
				8F79B4BE22F558EC000FBBB1 /* icon_unwind_25_primary.png in Resources */,
				8F38601A22F1D21E00479072 /* Poppins_Semi_bold.ttf in Resources */,
				8F38601C22F1D21E00479072 /* Poppins_Medium.ttf in Resources */,
				8F30B20B22F9B729000B66B7 /* Home.storyboard in Resources */,
			);
			runOnlyForDeploymentPostprocessing = 0;
		};
/* End PBXResourcesBuildPhase section */

/* Begin PBXShellScriptBuildPhase section */
		AD5F803E44E77BF57FD028ED /* [CP] Embed Pods Frameworks */ = {
			isa = PBXShellScriptBuildPhase;
			buildActionMask = 2147483647;
			files = (
			);
			inputFileListPaths = (
				"${PODS_ROOT}/Target Support Files/Pods-ting/Pods-ting-frameworks-${CONFIGURATION}-input-files.xcfilelist",
			);
			name = "[CP] Embed Pods Frameworks";
			outputFileListPaths = (
				"${PODS_ROOT}/Target Support Files/Pods-ting/Pods-ting-frameworks-${CONFIGURATION}-output-files.xcfilelist",
			);
			runOnlyForDeploymentPostprocessing = 0;
			shellPath = /bin/sh;
			shellScript = "\"${PODS_ROOT}/Target Support Files/Pods-ting/Pods-ting-frameworks.sh\"\n";
			showEnvVarsInLog = 0;
		};
		B7F8EFAF29F58B66622C1B8E /* [CP] Check Pods Manifest.lock */ = {
			isa = PBXShellScriptBuildPhase;
			buildActionMask = 2147483647;
			files = (
			);
			inputFileListPaths = (
			);
			inputPaths = (
				"${PODS_PODFILE_DIR_PATH}/Podfile.lock",
				"${PODS_ROOT}/Manifest.lock",
			);
			name = "[CP] Check Pods Manifest.lock";
			outputFileListPaths = (
			);
			outputPaths = (
				"$(DERIVED_FILE_DIR)/Pods-ting-checkManifestLockResult.txt",
			);
			runOnlyForDeploymentPostprocessing = 0;
			shellPath = /bin/sh;
			shellScript = "diff \"${PODS_PODFILE_DIR_PATH}/Podfile.lock\" \"${PODS_ROOT}/Manifest.lock\" > /dev/null\nif [ $? != 0 ] ; then\n    # print error to STDERR\n    echo \"error: The sandbox is not in sync with the Podfile.lock. Run 'pod install' or update your CocoaPods installation.\" >&2\n    exit 1\nfi\n# This output is used by Xcode 'outputs' to avoid re-running this script phase.\necho \"SUCCESS\" > \"${SCRIPT_OUTPUT_FILE_0}\"\n";
			showEnvVarsInLog = 0;
		};
		C12E1165918757A5C3C0F50B /* [CP] Copy Pods Resources */ = {
			isa = PBXShellScriptBuildPhase;
			buildActionMask = 2147483647;
			files = (
			);
			inputFileListPaths = (
				"${PODS_ROOT}/Target Support Files/Pods-ting/Pods-ting-resources-${CONFIGURATION}-input-files.xcfilelist",
			);
			name = "[CP] Copy Pods Resources";
			outputFileListPaths = (
				"${PODS_ROOT}/Target Support Files/Pods-ting/Pods-ting-resources-${CONFIGURATION}-output-files.xcfilelist",
			);
			runOnlyForDeploymentPostprocessing = 0;
			shellPath = /bin/sh;
			shellScript = "\"${PODS_ROOT}/Target Support Files/Pods-ting/Pods-ting-resources.sh\"\n";
			showEnvVarsInLog = 0;
		};
/* End PBXShellScriptBuildPhase section */

/* Begin PBXSourcesBuildPhase section */
		8F2F8B0322F0BC2200FF5B59 /* Sources */ = {
			isa = PBXSourcesBuildPhase;
			buildActionMask = 2147483647;
			files = (
				8FA0334D24E4217C00B0D680 /* RestaurantFilters.swift in Sources */,
				8F157C8923B52155008C88E2 /* RestaurantLikeViewCell.swift in Sources */,
				8FDDF97623716A97000AA334 /* ImageTextView.swift in Sources */,
				8F934E942370C2E30093D9AA /* Home.storyboard in Sources */,
				8F934E932370C2DD0093D9AA /* Main.storyboard in Sources */,
				8F934E922370C2D30093D9AA /* LaunchScreen.storyboard in Sources */,
				8F3E3CFC230BABDF00D9BC1C /* UIImageViewExtension.swift in Sources */,
				8FB7B20A2389034C00245012 /* EditMenuReviewViewController.swift in Sources */,
				8F1095002330060700A7519B /* DateExtension.swift in Sources */,
				8F157C7323AA2347008C88E2 /* RestaurantFoodsViewController.swift in Sources */,
				8F13CAF42334EF3000E3D03D /* RestaurantMapInfoWindowView.swift in Sources */,
				8F157C7B23ADFB55008C88E2 /* RestaurantMenuViewCell.swift in Sources */,
				8F157C8323B37356008C88E2 /* RestaurantAboutController.swift in Sources */,
				8F157C8723B4B0E7008C88E2 /* EditRestaurantReviewController.swift in Sources */,
				8F157C6923A9F806008C88E2 /* UserHeaderViewCell.swift in Sources */,
				8F157C6B23A9F873008C88E2 /* UserTabContentViewCell.swift in Sources */,
				8F49C10A22F496270084F3E7 /* Restaurant.swift in Sources */,
				8F157C7F23B372D3008C88E2 /* RestaurantReviewsController.swift in Sources */,
				8FDDF97C23741608000AA334 /* StringExtension.swift in Sources */,
				8F49C10822F494C50084F3E7 /* MenuPromotion.swift in Sources */,
				8F0D3577232A10A500B39825 /* CGRectExtension.swift in Sources */,
				8F157C6323A8B146008C88E2 /* PromotionMenuDetailsViewCell.swift in Sources */,
				8F3EA429230F2C7A00508E67 /* EditUserCollectionViewController.swift in Sources */,
				8F07FFD12312F14100D0ACD5 /* Spinner.swift in Sources */,
				8FDDF97A2372A737000AA334 /* RestaurantMenuViewController.swift in Sources */,
				8FA5716E24DEFF9500C8034D /* Placement.swift in Sources */,
				8FA0334124E2603600B0D680 /* CarouselView.swift in Sources */,
				8F79B4BA22F4C9D3000FBBB1 /* LeftToRightSegue.swift in Sources */,
				8F1095022330C83400A7519B /* DoubleExtension.swift in Sources */,
				8F88EE7A22F2B737000C4ED2 /* UIViewExtension.swift in Sources */,
				8F157C6523A8FCCF008C88E2 /* PromotedMenuViewCell.swift in Sources */,
				8F07FFCB2312828300D0ACD5 /* EditUserCollectionViewCell.swift in Sources */,
				8FA5717224DF024D00C8034D /* SearchResult.swift in Sources */,
				8F056687230E8AF700225A95 /* UserTabLayoutView.swift in Sources */,
				8FB57B9D2378633D00732D5A /* MenuDetailsViewCell.swift in Sources */,
				8F2F05162335352F00517F36 /* RestaurantViewController.swift in Sources */,
				8F55441C232C0A32001BCBE2 /* CosmosView.swift in Sources */,
				8FA5717424DF02EF00C8034D /* SocketResponseMessage.swift in Sources */,
				8F88EE7822F2B320000C4ED2 /* Constatnts.swift in Sources */,
				8FB57BA12379351100732D5A /* MenuDishFoodViewCell.swift in Sources */,
				8FB57B9F2378671C00732D5A /* MenuReviewViewCell.swift in Sources */,
				8FA0334924E2AF4900B0D680 /* RowShimmerView.swift in Sources */,
				8F0FB941232D3796003DAA86 /* IconTextView.swift in Sources */,
				8F157C7523AA2362008C88E2 /* RestaurantDrinksViewController.swift in Sources */,
				8FA5717024DF002F00C8034D /* Administrator.swift in Sources */,
				8F157C7D23B1D111008C88E2 /* MenuItemView.swift in Sources */,
				8F37674324EBA38800E80E98 /* RecommandedRestaurantViewCell.swift in Sources */,
				8F4C1B0424E9271B002BEF50 /* CuisineMenusViewController.swift in Sources */,
				8F11988B232F5E3F00DA8C7D /* APIDataProvider.swift in Sources */,
				8F43F3CE22F798E200545AC2 /* Requests.swift in Sources */,
				8FB57BA5237BF3BC00732D5A /* ReviewsPercentsView.swift in Sources */,
				8F1D75E92331F801000B25C9 /* UIApplicationExtension.swift in Sources */,
				8FB57BA3237AA21700732D5A /* MenuPromotionViewCell.swift in Sources */,
				8F07FFCD23128B2D00D0ACD5 /* TitleTextLabel.swift in Sources */,
				8F49C0F922F2F7F60084F3E7 /* UIViewControllerExtension.swift in Sources */,
				8F4C1AFB24E9153D002BEF50 /* DetailsShimmerView.swift in Sources */,
				8F1F112622FA23CC00CA4DD9 /* ResetPasswordViewController.swift in Sources */,
				8F3E3CF4230B903500D9BC1C /* HomeMenuViewController.swift in Sources */,
				8F157C6723A9F6B0008C88E2 /* RestaurantHeaderViewCell.swift in Sources */,
				8F49C10C22F497D80084F3E7 /* RestaurantMenu.swift in Sources */,
				8F07FFCF2312AA8F00D0ACD5 /* CustomViews.swift in Sources */,
				8FF1687524E6FB0B00DD13A2 /* RestaurantFiltersViewController.swift in Sources */,
				8F2F8B0D22F0BC2200FF5B59 /* LoginViewController.swift in Sources */,
				8F07FFD7231467AF00D0ACD5 /* SecondaryButton.swift in Sources */,
				8F07FFD52313BDDC00D0ACD5 /* UserAddressesView.swift in Sources */,
				8F4C1B0024E926AA002BEF50 /* CuisineViewController.swift in Sources */,
				8F49C10222F385CB0084F3E7 /* ServerResponse.swift in Sources */,
				8F0D814323153480003138B6 /* CustomMapMarker.swift in Sources */,
				8F1D75E72331D507000B25C9 /* RestaurantMapView.swift in Sources */,
				8FC6088822FBD361005D142B /* Functions.swift in Sources */,
				8F157C8123B37318008C88E2 /* RestaurantLikesController.swift in Sources */,
				8F4C1B0224E926FA002BEF50 /* CuisineRestaurantsViewController.swift in Sources */,
				8F3309DE22F9EBB700437767 /* LaunchScreenViewController.swift in Sources */,
				8FA0334624E279D500B0D680 /* LocalData.swift in Sources */,
				8F12248F23312351000C20EF /* FloatingButton.swift in Sources */,
				8F49C10E22F49ABA0084F3E7 /* User.swift in Sources */,
				8FC6088622FA2EE5005D142B /* Toast.swift in Sources */,
				8F30B20922F9B603000B66B7 /* UserAuthentication.swift in Sources */,
				8F49C10422F491E60084F3E7 /* Branch.swift in Sources */,
				8FA5716C24DEFE3C00C8034D /* Booking.swift in Sources */,
				8FA5716A24DEFBCE00C8034D /* Bill.swift in Sources */,
				8F3309D722F9E8B400437767 /* HomeDiscoverViewController.swift in Sources */,
				8FEB1D99232B66B10024FF04 /* RestaurantViewCell.swift in Sources */,
				8F38602222F1D21E00479072 /* PaddedTextField.swift in Sources */,
				8FB57BA9237EE58100732D5A /* RestaurantMenuReviewsViewController.swift in Sources */,
				8FA0334424E2658800B0D680 /* CuisineViewCell.swift in Sources */,
				8FDDF97823729C07000AA334 /* VerticalTopAlignLabel.swift in Sources */,
				8F3309DB22F9E8E900437767 /* HomeMomentsViewController.swift in Sources */,
				8F68B03222F583E500A3AB3B /* PrimaryButton.swift in Sources */,
				8F36E72D2336881B0028ECE6 /* PolylineMapRoute.swift in Sources */,
				8FC6089222FCA7D3005D142B /* UITabBarViewControllerExtension.swift in Sources */,
				8F30B20E22F9B8E2000B66B7 /* HomeViewController.swift in Sources */,
				8F13CAF62334FDB300E3D03D /* InlineIconTextView.swift in Sources */,
				8F157C8523B3B5D1008C88E2 /* RestaurantReviewCell.swift in Sources */,
				8F157C7923AB6D1F008C88E2 /* RestaurantPromotionViewCell.swift in Sources */,
				8F0D814623155C0C003138B6 /* TriangleView.swift in Sources */,
				8FA5717624E0630D00C8034D /* RestaurantSpecificationsViewController.swift in Sources */,
				8FB7B01823294FA7002B1F60 /* TouchRespondScrollView.swift in Sources */,
				8FB7B0162329092C002B1F60 /* UserControlView.swift in Sources */,
				8F3E3D0F230C5F6800D9BC1C /* UserViewController.swift in Sources */,
				8F3E3D0D230BDA9000D9BC1C /* UserMenuNavigationController.swift in Sources */,
				8FB57BA7237BF44200732D5A /* BarChartEntry.swift in Sources */,
				8F157C7123AA232B008C88E2 /* RestaurantPromosViewController.swift in Sources */,
				8F43F3D022F79DC900545AC2 /* Media.swift in Sources */,
				8F3E3CF6230B981C00D9BC1C /* CircularImageView.swift in Sources */,
				8FB7B20C23A8A03C00245012 /* PromotionMenuViewController.swift in Sources */,
				8F157C7723AA237B008C88E2 /* RestaurantDishesViewController.swift in Sources */,
				8F157C6F23AA214E008C88E2 /* RestaurantTabViewController.swift in Sources */,
				8F49C11022F4A7460084F3E7 /* SignUpViewController.swift in Sources */,
				8FAA270822F8965300B0B05B /* InputTextField.swift in Sources */,
				8F36E729233648D70028ECE6 /* BottomSheetMenuControllerView.swift in Sources */,
				8F4C1B0624E97B6E002BEF50 /* CuisineRestaurantViewCell.swift in Sources */,
				8F14F138233285D300844B63 /* UIDeviceExtension.swift in Sources */,
				8F3309D922F9E8D100437767 /* HomeRestaurantsViewController.swift in Sources */,
				8F2F8B0B22F0BC2200FF5B59 /* AppDelegate.swift in Sources */,
			);
			runOnlyForDeploymentPostprocessing = 0;
		};
/* End PBXSourcesBuildPhase section */

/* Begin PBXVariantGroup section */
		8F2F8B0E22F0BC2200FF5B59 /* Main.storyboard */ = {
			isa = PBXVariantGroup;
			children = (
				8F2F8B0F22F0BC2200FF5B59 /* Base */,
			);
			name = Main.storyboard;
			sourceTree = "<group>";
		};
		8F2F8B1322F0BC2300FF5B59 /* LaunchScreen.storyboard */ = {
			isa = PBXVariantGroup;
			children = (
				8F2F8B1422F0BC2300FF5B59 /* Base */,
			);
			name = LaunchScreen.storyboard;
			sourceTree = "<group>";
		};
/* End PBXVariantGroup section */

/* Begin XCBuildConfiguration section */
		8F2F8B1722F0BC2300FF5B59 /* Debug */ = {
			isa = XCBuildConfiguration;
			buildSettings = {
				ALWAYS_SEARCH_USER_PATHS = NO;
				CLANG_ANALYZER_NONNULL = YES;
				CLANG_ANALYZER_NUMBER_OBJECT_CONVERSION = YES_AGGRESSIVE;
				CLANG_CXX_LANGUAGE_STANDARD = "gnu++14";
				CLANG_CXX_LIBRARY = "libc++";
				CLANG_ENABLE_MODULES = YES;
				CLANG_ENABLE_OBJC_ARC = YES;
				CLANG_ENABLE_OBJC_WEAK = YES;
				CLANG_WARN_BLOCK_CAPTURE_AUTORELEASING = YES;
				CLANG_WARN_BOOL_CONVERSION = YES;
				CLANG_WARN_COMMA = YES;
				CLANG_WARN_CONSTANT_CONVERSION = YES;
				CLANG_WARN_DEPRECATED_OBJC_IMPLEMENTATIONS = YES;
				CLANG_WARN_DIRECT_OBJC_ISA_USAGE = YES_ERROR;
				CLANG_WARN_DOCUMENTATION_COMMENTS = YES;
				CLANG_WARN_EMPTY_BODY = YES;
				CLANG_WARN_ENUM_CONVERSION = YES;
				CLANG_WARN_INFINITE_RECURSION = YES;
				CLANG_WARN_INT_CONVERSION = YES;
				CLANG_WARN_NON_LITERAL_NULL_CONVERSION = YES;
				CLANG_WARN_OBJC_IMPLICIT_RETAIN_SELF = YES;
				CLANG_WARN_OBJC_LITERAL_CONVERSION = YES;
				CLANG_WARN_OBJC_ROOT_CLASS = YES_ERROR;
				CLANG_WARN_RANGE_LOOP_ANALYSIS = YES;
				CLANG_WARN_STRICT_PROTOTYPES = YES;
				CLANG_WARN_SUSPICIOUS_MOVE = YES;
				CLANG_WARN_UNGUARDED_AVAILABILITY = YES_AGGRESSIVE;
				CLANG_WARN_UNREACHABLE_CODE = YES;
				CLANG_WARN__DUPLICATE_METHOD_MATCH = YES;
				CODE_SIGN_IDENTITY = "iPhone Developer";
				COPY_PHASE_STRIP = NO;
				DEBUG_INFORMATION_FORMAT = dwarf;
				ENABLE_STRICT_OBJC_MSGSEND = YES;
				ENABLE_TESTABILITY = YES;
				GCC_C_LANGUAGE_STANDARD = gnu11;
				GCC_DYNAMIC_NO_PIC = NO;
				GCC_NO_COMMON_BLOCKS = YES;
				GCC_OPTIMIZATION_LEVEL = 0;
				GCC_PREPROCESSOR_DEFINITIONS = (
					"DEBUG=1",
					"$(inherited)",
				);
				GCC_WARN_64_TO_32_BIT_CONVERSION = YES;
				GCC_WARN_ABOUT_RETURN_TYPE = YES_ERROR;
				GCC_WARN_UNDECLARED_SELECTOR = YES;
				GCC_WARN_UNINITIALIZED_AUTOS = YES_AGGRESSIVE;
				GCC_WARN_UNUSED_FUNCTION = YES;
				GCC_WARN_UNUSED_VARIABLE = YES;
				IPHONEOS_DEPLOYMENT_TARGET = 12.1;
				MTL_ENABLE_DEBUG_INFO = INCLUDE_SOURCE;
				MTL_FAST_MATH = YES;
				ONLY_ACTIVE_ARCH = YES;
				SDKROOT = iphoneos;
				SWIFT_ACTIVE_COMPILATION_CONDITIONS = DEBUG;
				SWIFT_OPTIMIZATION_LEVEL = "-Onone";
			};
			name = Debug;
		};
		8F2F8B1822F0BC2300FF5B59 /* Release */ = {
			isa = XCBuildConfiguration;
			buildSettings = {
				ALWAYS_SEARCH_USER_PATHS = NO;
				CLANG_ANALYZER_NONNULL = YES;
				CLANG_ANALYZER_NUMBER_OBJECT_CONVERSION = YES_AGGRESSIVE;
				CLANG_CXX_LANGUAGE_STANDARD = "gnu++14";
				CLANG_CXX_LIBRARY = "libc++";
				CLANG_ENABLE_MODULES = YES;
				CLANG_ENABLE_OBJC_ARC = YES;
				CLANG_ENABLE_OBJC_WEAK = YES;
				CLANG_WARN_BLOCK_CAPTURE_AUTORELEASING = YES;
				CLANG_WARN_BOOL_CONVERSION = YES;
				CLANG_WARN_COMMA = YES;
				CLANG_WARN_CONSTANT_CONVERSION = YES;
				CLANG_WARN_DEPRECATED_OBJC_IMPLEMENTATIONS = YES;
				CLANG_WARN_DIRECT_OBJC_ISA_USAGE = YES_ERROR;
				CLANG_WARN_DOCUMENTATION_COMMENTS = YES;
				CLANG_WARN_EMPTY_BODY = YES;
				CLANG_WARN_ENUM_CONVERSION = YES;
				CLANG_WARN_INFINITE_RECURSION = YES;
				CLANG_WARN_INT_CONVERSION = YES;
				CLANG_WARN_NON_LITERAL_NULL_CONVERSION = YES;
				CLANG_WARN_OBJC_IMPLICIT_RETAIN_SELF = YES;
				CLANG_WARN_OBJC_LITERAL_CONVERSION = YES;
				CLANG_WARN_OBJC_ROOT_CLASS = YES_ERROR;
				CLANG_WARN_RANGE_LOOP_ANALYSIS = YES;
				CLANG_WARN_STRICT_PROTOTYPES = YES;
				CLANG_WARN_SUSPICIOUS_MOVE = YES;
				CLANG_WARN_UNGUARDED_AVAILABILITY = YES_AGGRESSIVE;
				CLANG_WARN_UNREACHABLE_CODE = YES;
				CLANG_WARN__DUPLICATE_METHOD_MATCH = YES;
				CODE_SIGN_IDENTITY = "iPhone Developer";
				COPY_PHASE_STRIP = NO;
				DEBUG_INFORMATION_FORMAT = "dwarf-with-dsym";
				ENABLE_NS_ASSERTIONS = NO;
				ENABLE_STRICT_OBJC_MSGSEND = YES;
				GCC_C_LANGUAGE_STANDARD = gnu11;
				GCC_NO_COMMON_BLOCKS = YES;
				GCC_WARN_64_TO_32_BIT_CONVERSION = YES;
				GCC_WARN_ABOUT_RETURN_TYPE = YES_ERROR;
				GCC_WARN_UNDECLARED_SELECTOR = YES;
				GCC_WARN_UNINITIALIZED_AUTOS = YES_AGGRESSIVE;
				GCC_WARN_UNUSED_FUNCTION = YES;
				GCC_WARN_UNUSED_VARIABLE = YES;
				IPHONEOS_DEPLOYMENT_TARGET = 12.1;
				MTL_ENABLE_DEBUG_INFO = NO;
				MTL_FAST_MATH = YES;
				SDKROOT = iphoneos;
				SWIFT_COMPILATION_MODE = wholemodule;
				SWIFT_OPTIMIZATION_LEVEL = "-O";
				VALIDATE_PRODUCT = YES;
			};
			name = Release;
		};
		8F2F8B1A22F0BC2300FF5B59 /* Debug */ = {
			isa = XCBuildConfiguration;
			baseConfigurationReference = B76E861E707C1B41EA38E562 /* Pods-ting.debug.xcconfig */;
			buildSettings = {
				ASSETCATALOG_COMPILER_APPICON_NAME = AppIcon;
				CODE_SIGN_STYLE = Automatic;
				DEVELOPMENT_TEAM = "";
				INFOPLIST_FILE = ting/Info.plist;
				LD_RUNPATH_SEARCH_PATHS = (
					"$(inherited)",
					"@executable_path/Frameworks",
				);
				PRODUCT_BUNDLE_IDENTIFIER = com.codepipes.ting;
				PRODUCT_NAME = Ting;
				SWIFT_VERSION = 4.2;
				TARGETED_DEVICE_FAMILY = "1,2";
			};
			name = Debug;
		};
		8F2F8B1B22F0BC2300FF5B59 /* Release */ = {
			isa = XCBuildConfiguration;
			baseConfigurationReference = B3574E3CEF3D845DD3605E35 /* Pods-ting.release.xcconfig */;
			buildSettings = {
				ASSETCATALOG_COMPILER_APPICON_NAME = AppIcon;
				CODE_SIGN_STYLE = Automatic;
				DEVELOPMENT_TEAM = "";
				INFOPLIST_FILE = ting/Info.plist;
				LD_RUNPATH_SEARCH_PATHS = (
					"$(inherited)",
					"@executable_path/Frameworks",
				);
				PRODUCT_BUNDLE_IDENTIFIER = com.codepipes.ting;
				PRODUCT_NAME = Ting;
				SWIFT_VERSION = 4.2;
				TARGETED_DEVICE_FAMILY = "1,2";
			};
			name = Release;
		};
/* End XCBuildConfiguration section */

/* Begin XCConfigurationList section */
		8F2F8B0222F0BC2200FF5B59 /* Build configuration list for PBXProject "ting" */ = {
			isa = XCConfigurationList;
			buildConfigurations = (
				8F2F8B1722F0BC2300FF5B59 /* Debug */,
				8F2F8B1822F0BC2300FF5B59 /* Release */,
			);
			defaultConfigurationIsVisible = 0;
			defaultConfigurationName = Release;
		};
		8F2F8B1922F0BC2300FF5B59 /* Build configuration list for PBXNativeTarget "ting" */ = {
			isa = XCConfigurationList;
			buildConfigurations = (
				8F2F8B1A22F0BC2300FF5B59 /* Debug */,
				8F2F8B1B22F0BC2300FF5B59 /* Release */,
			);
			defaultConfigurationIsVisible = 0;
			defaultConfigurationName = Release;
		};
/* End XCConfigurationList section */
	};
	rootObject = 8F2F8AFF22F0BC2200FF5B59 /* Project object */;
}
